// !$*UTF8*$!
{
	archiveVersion = 1;
	classes = {
	};
	objectVersion = 46;
	objects = {

/* Begin PBXBuildFile section */
		0409B0601ED59FCA005182B2 /* Main.storyboard in Resources */ = {isa = PBXBuildFile; fileRef = 0409B05E1ED59FCA005182B2 /* Main.storyboard */; };
		0409B0631ED5A018005182B2 /* ViewController.m in Sources */ = {isa = PBXBuildFile; fileRef = 0409B0621ED5A018005182B2 /* ViewController.m */; };
		0409B08E1ED5A02F005182B2 /* AppDelegate.m in Sources */ = {isa = PBXBuildFile; fileRef = 0409B0661ED5A02F005182B2 /* AppDelegate.m */; };
		0409B08F1ED5A02F005182B2 /* main.m in Sources */ = {isa = PBXBuildFile; fileRef = 0409B0671ED5A02F005182B2 /* main.m */; };
		0409B0951ED5A02F005182B2 /* Objective-C.gitignore in Resources */ = {isa = PBXBuildFile; fileRef = 0409B0741ED5A02F005182B2 /* Objective-C.gitignore */; };
		0409B0961ED5A02F005182B2 /* Swift.gitignore in Resources */ = {isa = PBXBuildFile; fileRef = 0409B0771ED5A02F005182B2 /* Swift.gitignore */; };
		0409B0971ED5A02F005182B2 /* xcode.m in Sources */ = {isa = PBXBuildFile; fileRef = 0409B0781ED5A02F005182B2 /* xcode.m */; };
		0409B0981ED5A02F005182B2 /* 终端命令.m in Sources */ = {isa = PBXBuildFile; fileRef = 0409B0791ED5A02F005182B2 /* 终端命令.m */; };
		4E7A51E61D9CFD5600A3F713 /* Assets.xcassets in Resources */ = {isa = PBXBuildFile; fileRef = 4E7A51E51D9CFD5600A3F713 /* Assets.xcassets */; };
		4E7A51E91D9CFD5600A3F713 /* LaunchScreen.storyboard in Resources */ = {isa = PBXBuildFile; fileRef = 4E7A51E71D9CFD5600A3F713 /* LaunchScreen.storyboard */; };
		705E9CC62068BB2E00CB4196 /* areaArray.plist in Resources */ = {isa = PBXBuildFile; fileRef = 705E9CC32068BB2E00CB4196 /* areaArray.plist */; };
		705E9CC72068BB2E00CB4196 /* BLAreaPickerView.m in Sources */ = {isa = PBXBuildFile; fileRef = 705E9CC52068BB2E00CB4196 /* BLAreaPickerView.m */; };
		705E9CF42068BCB200CB4196 /* CalenderCollectionCell.m in Sources */ = {isa = PBXBuildFile; fileRef = 705E9CCA2068BCB200CB4196 /* CalenderCollectionCell.m */; };
		705E9CF52068BCB200CB4196 /* CalenderHeaderView.m in Sources */ = {isa = PBXBuildFile; fileRef = 705E9CCC2068BCB200CB4196 /* CalenderHeaderView.m */; };
		705E9CF62068BCB200CB4196 /* CalenderView.m in Sources */ = {isa = PBXBuildFile; fileRef = 705E9CCE2068BCB200CB4196 /* CalenderView.m */; };
		705E9CF72068BCB200CB4196 /* NSDate+Extensions.m in Sources */ = {isa = PBXBuildFile; fileRef = 705E9CD02068BCB200CB4196 /* NSDate+Extensions.m */; };
		705E9CF82068BCB200CB4196 /* BaseQuestionView.m in Sources */ = {isa = PBXBuildFile; fileRef = 705E9CD42068BCB200CB4196 /* BaseQuestionView.m */; };
		705E9CF92068BCB200CB4196 /* BirthdateQuestionView.m in Sources */ = {isa = PBXBuildFile; fileRef = 705E9CD62068BCB200CB4196 /* BirthdateQuestionView.m */; };
		705E9CFA2068BCB200CB4196 /* BMIQuestionView.m in Sources */ = {isa = PBXBuildFile; fileRef = 705E9CD82068BCB200CB4196 /* BMIQuestionView.m */; };
		705E9CFB2068BCB200CB4196 /* BodyFatQuestionView.m in Sources */ = {isa = PBXBuildFile; fileRef = 705E9CDA2068BCB200CB4196 /* BodyFatQuestionView.m */; };
		705E9CFC2068BCB200CB4196 /* OSZRulerModel.m in Sources */ = {isa = PBXBuildFile; fileRef = 705E9CDD2068BCB200CB4196 /* OSZRulerModel.m */; };
		705E9CFD2068BCB200CB4196 /* OSZRulerView.m in Sources */ = {isa = PBXBuildFile; fileRef = 705E9CDF2068BCB200CB4196 /* OSZRulerView.m */; };
		705E9CFE2068BCB200CB4196 /* OSZRulerViewCell.m in Sources */ = {isa = PBXBuildFile; fileRef = 705E9CE12068BCB200CB4196 /* OSZRulerViewCell.m */; };
		705E9CFF2068BCB200CB4196 /* RatioQuestionView.m in Sources */ = {isa = PBXBuildFile; fileRef = 705E9CE32068BCB200CB4196 /* RatioQuestionView.m */; };
		705E9D002068BCB200CB4196 /* SexQuestionView.m in Sources */ = {isa = PBXBuildFile; fileRef = 705E9CE52068BCB200CB4196 /* SexQuestionView.m */; };
		705E9D012068BCB200CB4196 /* MoreChoiceQuestionView.m in Sources */ = {isa = PBXBuildFile; fileRef = 705E9CE82068BCB200CB4196 /* MoreChoiceQuestionView.m */; };
		705E9D022068BCB200CB4196 /* SingleChoiceQuestionView.m in Sources */ = {isa = PBXBuildFile; fileRef = 705E9CEA2068BCB200CB4196 /* SingleChoiceQuestionView.m */; };
		705E9D032068BCB200CB4196 /* LoadAnimationView.m in Sources */ = {isa = PBXBuildFile; fileRef = 705E9CEC2068BCB200CB4196 /* LoadAnimationView.m */; };
		705E9D042068BCB200CB4196 /* QuestionListCell.m in Sources */ = {isa = PBXBuildFile; fileRef = 705E9CEF2068BCB200CB4196 /* QuestionListCell.m */; };
		705E9D052068BCB200CB4196 /* QuestionListModel.m in Sources */ = {isa = PBXBuildFile; fileRef = 705E9CF12068BCB200CB4196 /* QuestionListModel.m */; };
		705E9D062068BCB200CB4196 /* SportQuestionListView.m in Sources */ = {isa = PBXBuildFile; fileRef = 705E9CF32068BCB200CB4196 /* SportQuestionListView.m */; };
		70BD994E208492E600384B3B /* MeViewController.m in Sources */ = {isa = PBXBuildFile; fileRef = 70BD993E208492E600384B3B /* MeViewController.m */; };
		70BD994F208492E600384B3B /* FriendModel.m in Sources */ = {isa = PBXBuildFile; fileRef = 70BD9941208492E600384B3B /* FriendModel.m */; };
		70BD9950208492E600384B3B /* MeNetworkManager.m in Sources */ = {isa = PBXBuildFile; fileRef = 70BD9944208492E600384B3B /* MeNetworkManager.m */; };
		70BD9951208492E600384B3B /* MeView.m in Sources */ = {isa = PBXBuildFile; fileRef = 70BD9947208492E600384B3B /* MeView.m */; };
		70BD9952208492E600384B3B /* MeViewModel.m in Sources */ = {isa = PBXBuildFile; fileRef = 70BD994A208492E600384B3B /* MeViewModel.m */; };
		70BD9953208492E600384B3B /* NetworkTool.m in Sources */ = {isa = PBXBuildFile; fileRef = 70BD994D208492E600384B3B /* NetworkTool.m */; };
		70BD99752084933000384B3B /* NSArray+Log.m in Sources */ = {isa = PBXBuildFile; fileRef = 70BD99572084933000384B3B /* NSArray+Log.m */; };
		70BD99762084933000384B3B /* NSString+Emoji.m in Sources */ = {isa = PBXBuildFile; fileRef = 70BD99592084933000384B3B /* NSString+Emoji.m */; };
		70BD99772084933000384B3B /* NSString+sandBox.m in Sources */ = {isa = PBXBuildFile; fileRef = 70BD995B2084933000384B3B /* NSString+sandBox.m */; };
		70BD99782084933000384B3B /* UIColor+Extension.m in Sources */ = {isa = PBXBuildFile; fileRef = 70BD995D2084933000384B3B /* UIColor+Extension.m */; };
		70BD99792084933000384B3B /* CommonTool.m in Sources */ = {isa = PBXBuildFile; fileRef = 70BD995F2084933000384B3B /* CommonTool.m */; };
		70BD997A2084933000384B3B /* OSZCoreDataManager.m in Sources */ = {isa = PBXBuildFile; fileRef = 70BD99622084933000384B3B /* OSZCoreDataManager.m */; };
		70BD997B2084933000384B3B /* OSZCoreDataStackManager.m in Sources */ = {isa = PBXBuildFile; fileRef = 70BD99642084933000384B3B /* OSZCoreDataStackManager.m */; };
		70BD997C2084933000384B3B /* BARegularExpression.m in Sources */ = {isa = PBXBuildFile; fileRef = 70BD99672084933000384B3B /* BARegularExpression.m */; };
		70BD997D2084933000384B3B /* NSString+Regular.m in Sources */ = {isa = PBXBuildFile; fileRef = 70BD99692084933000384B3B /* NSString+Regular.m */; };
		70BD997E2084933000384B3B /* OSZHeaderLbl.m in Sources */ = {isa = PBXBuildFile; fileRef = 70BD996C2084933000384B3B /* OSZHeaderLbl.m */; };
		70BD997F2084933000384B3B /* UINavigationController+OSZObjcSugar.m in Sources */ = {isa = PBXBuildFile; fileRef = 70BD996E2084933000384B3B /* UINavigationController+OSZObjcSugar.m */; };
		70BD99802084933000384B3B /* UIResponder+FirstResponder.m in Sources */ = {isa = PBXBuildFile; fileRef = 70BD99702084933000384B3B /* UIResponder+FirstResponder.m */; };
		70BD99812084933000384B3B /* UIScrollView+Touch.m in Sources */ = {isa = PBXBuildFile; fileRef = 70BD99722084933000384B3B /* UIScrollView+Touch.m */; };
		70BD99822084933000384B3B /* UIView+OSZFrame.m in Sources */ = {isa = PBXBuildFile; fileRef = 70BD99742084933000384B3B /* UIView+OSZFrame.m */; };
		B33F6F16225599080090B518 /* QMUI.m in Sources */ = {isa = PBXBuildFile; fileRef = B33F6EB0225599080090B518 /* QMUI.m */; };
		B33F6F17225599080090B518 /* UIButton+Customise.m in Sources */ = {isa = PBXBuildFile; fileRef = B33F6EB3225599080090B518 /* UIButton+Customise.m */; };
		B33F6F18225599080090B518 /* NSDate+Extensions.m in Sources */ = {isa = PBXBuildFile; fileRef = B33F6EB4225599080090B518 /* NSDate+Extensions.m */; };
		B33F6F19225599080090B518 /* UIViewController+CurrentController.m in Sources */ = {isa = PBXBuildFile; fileRef = B33F6EB6225599080090B518 /* UIViewController+CurrentController.m */; };
		B33F6F1A225599080090B518 /* UITextView+Placeholder.m in Sources */ = {isa = PBXBuildFile; fileRef = B33F6EBA225599080090B518 /* UITextView+Placeholder.m */; };
		B33F6F1B225599080090B518 /* UIView+ColorOfPoint.m in Sources */ = {isa = PBXBuildFile; fileRef = B33F6EBE225599080090B518 /* UIView+ColorOfPoint.m */; };
		B33F6F1C225599080090B518 /* NSString+PinYin.m in Sources */ = {isa = PBXBuildFile; fileRef = B33F6EBF225599080090B518 /* NSString+PinYin.m */; };
		B33F6F1D225599080090B518 /* UIImage+Extension.m in Sources */ = {isa = PBXBuildFile; fileRef = B33F6EC0225599080090B518 /* UIImage+Extension.m */; };
		B33F6F1E225599080090B518 /* UIButton+IntervalTime.m in Sources */ = {isa = PBXBuildFile; fileRef = B33F6EC2225599080090B518 /* UIButton+IntervalTime.m */; };
		B33F6F1F225599080090B518 /* NSBundle+Language.m in Sources */ = {isa = PBXBuildFile; fileRef = B33F6EC4225599080090B518 /* NSBundle+Language.m */; };
		B33F6F20225599080090B518 /* UIScrollView+RollView.m in Sources */ = {isa = PBXBuildFile; fileRef = B33F6EC8225599080090B518 /* UIScrollView+RollView.m */; };
		B33F6F21225599080090B518 /* NSDate+Extension.m in Sources */ = {isa = PBXBuildFile; fileRef = B33F6ECA225599080090B518 /* NSDate+Extension.m */; };
		B33F6F22225599080090B518 /* NSString+Extension.m in Sources */ = {isa = PBXBuildFile; fileRef = B33F6ECB225599080090B518 /* NSString+Extension.m */; };
		B33F6F23225599080090B518 /* MBProgressHUD+MJ.m in Sources */ = {isa = PBXBuildFile; fileRef = B33F6ECC225599080090B518 /* MBProgressHUD+MJ.m */; };
		B33F6F24225599080090B518 /* UINavigationController+MCObjc.m in Sources */ = {isa = PBXBuildFile; fileRef = B33F6ECE225599080090B518 /* UINavigationController+MCObjc.m */; };
		B33F6F25225599080090B518 /* UIImageView+URL.m in Sources */ = {isa = PBXBuildFile; fileRef = B33F6ED0225599080090B518 /* UIImageView+URL.m */; };
		B33F6F26225599080090B518 /* NSObject+ModelDescription.m in Sources */ = {isa = PBXBuildFile; fileRef = B33F6ED4225599080090B518 /* NSObject+ModelDescription.m */; };
		B33F6F27225599080090B518 /* UINavigationController+pop.m in Sources */ = {isa = PBXBuildFile; fileRef = B33F6ED5225599080090B518 /* UINavigationController+pop.m */; };
		B33F6F28225599080090B518 /* UIView+Extension.m in Sources */ = {isa = PBXBuildFile; fileRef = B33F6ED6225599080090B518 /* UIView+Extension.m */; };
		B33F6F29225599080090B518 /* NSDate+ServerTime.m in Sources */ = {isa = PBXBuildFile; fileRef = B33F6ED7225599080090B518 /* NSDate+ServerTime.m */; };
		B33F6F2A225599080090B518 /* UIImage+FixOrientation.m in Sources */ = {isa = PBXBuildFile; fileRef = B33F6ED9225599080090B518 /* UIImage+FixOrientation.m */; };
		B33F6F2B225599080090B518 /* FFNotificationEmptyWindow.m in Sources */ = {isa = PBXBuildFile; fileRef = B33F6EDD225599080090B518 /* FFNotificationEmptyWindow.m */; };
		B33F6F2C225599080090B518 /* FFNotificationView.m in Sources */ = {isa = PBXBuildFile; fileRef = B33F6EDF225599080090B518 /* FFNotificationView.m */; };
		B33F6F2D225599080090B518 /* FFRootViewController.m in Sources */ = {isa = PBXBuildFile; fileRef = B33F6EE0225599080090B518 /* FFRootViewController.m */; };
		B33F6F2E225599080090B518 /* FFNotificationConfig.m in Sources */ = {isa = PBXBuildFile; fileRef = B33F6EE1225599080090B518 /* FFNotificationConfig.m */; };
		B33F6F2F225599080090B518 /* FFNotificationWindow.m in Sources */ = {isa = PBXBuildFile; fileRef = B33F6EE2225599080090B518 /* FFNotificationWindow.m */; };
		B33F6F30225599080090B518 /* ZQFCycleView.m in Sources */ = {isa = PBXBuildFile; fileRef = B33F6EE9225599080090B518 /* ZQFCycleView.m */; };
		B33F6F31225599080090B518 /* HorizontalPageViewController.m in Sources */ = {isa = PBXBuildFile; fileRef = B33F6EEA225599080090B518 /* HorizontalPageViewController.m */; };
		B33F6F32225599080090B518 /* BaseNetworkingErrorView.m in Sources */ = {isa = PBXBuildFile; fileRef = B33F6EEB225599080090B518 /* BaseNetworkingErrorView.m */; };
		B33F6F33225599080090B518 /* DataColorView.m in Sources */ = {isa = PBXBuildFile; fileRef = B33F6EED225599080090B518 /* DataColorView.m */; };
		B33F6F34225599080090B518 /* RoundLineView.m in Sources */ = {isa = PBXBuildFile; fileRef = B33F6EEF225599080090B518 /* RoundLineView.m */; };
		B33F6F35225599080090B518 /* RulerView.m in Sources */ = {isa = PBXBuildFile; fileRef = B33F6EF0225599080090B518 /* RulerView.m */; };
		B33F6F36225599080090B518 /* BaseLoadingView.m in Sources */ = {isa = PBXBuildFile; fileRef = B33F6EF2225599080090B518 /* BaseLoadingView.m */; };
		B33F6F37225599080090B518 /* RulerLayout.m in Sources */ = {isa = PBXBuildFile; fileRef = B33F6EF3225599080090B518 /* RulerLayout.m */; };
		B33F6F38225599080090B518 /* AddressPickView.m in Sources */ = {isa = PBXBuildFile; fileRef = B33F6EF7225599080090B518 /* AddressPickView.m */; };
		B33F6F39225599080090B518 /* AddressModel.m in Sources */ = {isa = PBXBuildFile; fileRef = B33F6EF8225599080090B518 /* AddressModel.m */; };
		B33F6F3A225599080090B518 /* addressData.json in Resources */ = {isa = PBXBuildFile; fileRef = B33F6EF9225599080090B518 /* addressData.json */; };
		B33F6F3B225599080090B518 /* HorizontalPageableLayout.m in Sources */ = {isa = PBXBuildFile; fileRef = B33F6EFB225599080090B518 /* HorizontalPageableLayout.m */; };
		B33F6F3C225599080090B518 /* DataTimeLineView.m in Sources */ = {isa = PBXBuildFile; fileRef = B33F6EFD225599080090B518 /* DataTimeLineView.m */; };
		B33F6F3D225599080090B518 /* TitleAndIconButton.m in Sources */ = {isa = PBXBuildFile; fileRef = B33F6F00225599080090B518 /* TitleAndIconButton.m */; };
		B33F6F3E225599080090B518 /* RulerCollectionViewCell.m in Sources */ = {isa = PBXBuildFile; fileRef = B33F6F02225599080090B518 /* RulerCollectionViewCell.m */; };
		B33F6F3F225599080090B518 /* Tools.m in Sources */ = {isa = PBXBuildFile; fileRef = B33F6F05225599080090B518 /* Tools.m */; };
		B33F6F40225599080090B518 /* SGQRCodeGenerateManager.m in Sources */ = {isa = PBXBuildFile; fileRef = B33F6F06225599080090B518 /* SGQRCodeGenerateManager.m */; };
		B33F6F41225599080090B518 /* WebViewJavascriptBridgeBase.m in Sources */ = {isa = PBXBuildFile; fileRef = B33F6F0B225599080090B518 /* WebViewJavascriptBridgeBase.m */; };
		B33F6F42225599080090B518 /* WKWebViewJavascriptBridge.m in Sources */ = {isa = PBXBuildFile; fileRef = B33F6F0D225599080090B518 /* WKWebViewJavascriptBridge.m */; };
		B33F6F43225599080090B518 /* WebViewJavascriptBridge.m in Sources */ = {isa = PBXBuildFile; fileRef = B33F6F0E225599080090B518 /* WebViewJavascriptBridge.m */; };
		B33F6F44225599080090B518 /* CookieManager.m in Sources */ = {isa = PBXBuildFile; fileRef = B33F6F11225599080090B518 /* CookieManager.m */; };
		B33F6F45225599080090B518 /* WebViewJavascriptBridge_JS.m in Sources */ = {isa = PBXBuildFile; fileRef = B33F6F12225599080090B518 /* WebViewJavascriptBridge_JS.m */; };
		B33F6F52225599100090B518 /* RequestSerializer.m in Sources */ = {isa = PBXBuildFile; fileRef = B33F6F47225599100090B518 /* RequestSerializer.m */; };
		B33F6F53225599100090B518 /* ICXGetPhoneType.m in Sources */ = {isa = PBXBuildFile; fileRef = B33F6F48225599100090B518 /* ICXGetPhoneType.m */; };
		B33F6F54225599100090B518 /* NetworkEngine.m in Sources */ = {isa = PBXBuildFile; fileRef = B33F6F49225599100090B518 /* NetworkEngine.m */; };
		B33F6F55225599100090B518 /* FetchModel.m in Sources */ = {isa = PBXBuildFile; fileRef = B33F6F4B225599100090B518 /* FetchModel.m */; };
		B33F6F56225599100090B518 /* NetworkImageTool.m in Sources */ = {isa = PBXBuildFile; fileRef = B33F6F50225599100090B518 /* NetworkImageTool.m */; };
		B33F6F59225599420090B518 /* LaunchOperation.m in Sources */ = {isa = PBXBuildFile; fileRef = B33F6F57225599410090B518 /* LaunchOperation.m */; };
		CE8A83F6CE484CEF42603933 /* libPods-OSZToolkit.a in Frameworks */ = {isa = PBXBuildFile; fileRef = F833BFF9CBCD70879447792C /* libPods-OSZToolkit.a */; };
/* End PBXBuildFile section */

/* Begin PBXFileReference section */
		0409B05F1ED59FCA005182B2 /* Base */ = {isa = PBXFileReference; lastKnownFileType = file.storyboard; name = Base; path = Base.lproj/Main.storyboard; sourceTree = "<group>"; };
		0409B0611ED5A018005182B2 /* ViewController.h */ = {isa = PBXFileReference; fileEncoding = 4; lastKnownFileType = sourcecode.c.h; path = ViewController.h; sourceTree = "<group>"; };
		0409B0621ED5A018005182B2 /* ViewController.m */ = {isa = PBXFileReference; fileEncoding = 4; lastKnownFileType = sourcecode.c.objc; path = ViewController.m; sourceTree = "<group>"; };
		0409B0651ED5A02F005182B2 /* AppDelegate.h */ = {isa = PBXFileReference; fileEncoding = 4; lastKnownFileType = sourcecode.c.h; path = AppDelegate.h; sourceTree = "<group>"; };
		0409B0661ED5A02F005182B2 /* AppDelegate.m */ = {isa = PBXFileReference; fileEncoding = 4; lastKnownFileType = sourcecode.c.objc; path = AppDelegate.m; sourceTree = "<group>"; };
		0409B0671ED5A02F005182B2 /* main.m */ = {isa = PBXFileReference; fileEncoding = 4; lastKnownFileType = sourcecode.c.objc; path = main.m; sourceTree = "<group>"; };
		0409B0741ED5A02F005182B2 /* Objective-C.gitignore */ = {isa = PBXFileReference; fileEncoding = 4; lastKnownFileType = text; path = "Objective-C.gitignore"; sourceTree = "<group>"; };
		0409B0751ED5A02F005182B2 /* PrefixHeader.pch */ = {isa = PBXFileReference; fileEncoding = 4; lastKnownFileType = sourcecode.c.h; path = PrefixHeader.pch; sourceTree = "<group>"; };
		0409B0761ED5A02F005182B2 /* singleton.h */ = {isa = PBXFileReference; fileEncoding = 4; lastKnownFileType = sourcecode.c.h; path = singleton.h; sourceTree = "<group>"; };
		0409B0771ED5A02F005182B2 /* Swift.gitignore */ = {isa = PBXFileReference; fileEncoding = 4; lastKnownFileType = text; path = Swift.gitignore; sourceTree = "<group>"; };
		0409B0781ED5A02F005182B2 /* xcode.m */ = {isa = PBXFileReference; fileEncoding = 4; lastKnownFileType = sourcecode.c.objc; path = xcode.m; sourceTree = "<group>"; };
		0409B0791ED5A02F005182B2 /* 终端命令.m */ = {isa = PBXFileReference; fileEncoding = 4; lastKnownFileType = sourcecode.c.objc; path = "终端命令.m"; sourceTree = "<group>"; };
		4CDD477F1A7DFFA3D586F308 /* Pods-OSZToolkit.debug.xcconfig */ = {isa = PBXFileReference; includeInIndex = 1; lastKnownFileType = text.xcconfig; name = "Pods-OSZToolkit.debug.xcconfig"; path = "Pods/Target Support Files/Pods-OSZToolkit/Pods-OSZToolkit.debug.xcconfig"; sourceTree = "<group>"; };
		4E7A51D61D9CFD5600A3F713 /* OSZToolkit.app */ = {isa = PBXFileReference; explicitFileType = wrapper.application; includeInIndex = 0; path = OSZToolkit.app; sourceTree = BUILT_PRODUCTS_DIR; };
		4E7A51E51D9CFD5600A3F713 /* Assets.xcassets */ = {isa = PBXFileReference; lastKnownFileType = folder.assetcatalog; path = Assets.xcassets; sourceTree = "<group>"; };
		4E7A51E81D9CFD5600A3F713 /* Base */ = {isa = PBXFileReference; lastKnownFileType = file.storyboard; name = Base; path = Base.lproj/LaunchScreen.storyboard; sourceTree = "<group>"; };
		4E7A51EA1D9CFD5600A3F713 /* Info.plist */ = {isa = PBXFileReference; lastKnownFileType = text.plist.xml; path = Info.plist; sourceTree = "<group>"; };
		705E9CC32068BB2E00CB4196 /* areaArray.plist */ = {isa = PBXFileReference; lastKnownFileType = file.bplist; path = areaArray.plist; sourceTree = "<group>"; };
		705E9CC42068BB2E00CB4196 /* BLAreaPickerView.h */ = {isa = PBXFileReference; fileEncoding = 4; lastKnownFileType = sourcecode.c.h; path = BLAreaPickerView.h; sourceTree = "<group>"; };
		705E9CC52068BB2E00CB4196 /* BLAreaPickerView.m */ = {isa = PBXFileReference; fileEncoding = 4; lastKnownFileType = sourcecode.c.objc; path = BLAreaPickerView.m; sourceTree = "<group>"; };
		705E9CC92068BCB200CB4196 /* CalenderCollectionCell.h */ = {isa = PBXFileReference; fileEncoding = 4; lastKnownFileType = sourcecode.c.h; path = CalenderCollectionCell.h; sourceTree = "<group>"; };
		705E9CCA2068BCB200CB4196 /* CalenderCollectionCell.m */ = {isa = PBXFileReference; fileEncoding = 4; lastKnownFileType = sourcecode.c.objc; path = CalenderCollectionCell.m; sourceTree = "<group>"; };
		705E9CCB2068BCB200CB4196 /* CalenderHeaderView.h */ = {isa = PBXFileReference; fileEncoding = 4; lastKnownFileType = sourcecode.c.h; path = CalenderHeaderView.h; sourceTree = "<group>"; };
		705E9CCC2068BCB200CB4196 /* CalenderHeaderView.m */ = {isa = PBXFileReference; fileEncoding = 4; lastKnownFileType = sourcecode.c.objc; path = CalenderHeaderView.m; sourceTree = "<group>"; };
		705E9CCD2068BCB200CB4196 /* CalenderView.h */ = {isa = PBXFileReference; fileEncoding = 4; lastKnownFileType = sourcecode.c.h; path = CalenderView.h; sourceTree = "<group>"; };
		705E9CCE2068BCB200CB4196 /* CalenderView.m */ = {isa = PBXFileReference; fileEncoding = 4; lastKnownFileType = sourcecode.c.objc; path = CalenderView.m; sourceTree = "<group>"; };
		705E9CCF2068BCB200CB4196 /* NSDate+Extensions.h */ = {isa = PBXFileReference; fileEncoding = 4; lastKnownFileType = sourcecode.c.h; path = "NSDate+Extensions.h"; sourceTree = "<group>"; };
		705E9CD02068BCB200CB4196 /* NSDate+Extensions.m */ = {isa = PBXFileReference; fileEncoding = 4; lastKnownFileType = sourcecode.c.objc; path = "NSDate+Extensions.m"; sourceTree = "<group>"; };
		705E9CD32068BCB200CB4196 /* BaseQuestionView.h */ = {isa = PBXFileReference; fileEncoding = 4; lastKnownFileType = sourcecode.c.h; path = BaseQuestionView.h; sourceTree = "<group>"; };
		705E9CD42068BCB200CB4196 /* BaseQuestionView.m */ = {isa = PBXFileReference; fileEncoding = 4; lastKnownFileType = sourcecode.c.objc; path = BaseQuestionView.m; sourceTree = "<group>"; };
		705E9CD52068BCB200CB4196 /* BirthdateQuestionView.h */ = {isa = PBXFileReference; fileEncoding = 4; lastKnownFileType = sourcecode.c.h; path = BirthdateQuestionView.h; sourceTree = "<group>"; };
		705E9CD62068BCB200CB4196 /* BirthdateQuestionView.m */ = {isa = PBXFileReference; fileEncoding = 4; lastKnownFileType = sourcecode.c.objc; path = BirthdateQuestionView.m; sourceTree = "<group>"; };
		705E9CD72068BCB200CB4196 /* BMIQuestionView.h */ = {isa = PBXFileReference; fileEncoding = 4; lastKnownFileType = sourcecode.c.h; path = BMIQuestionView.h; sourceTree = "<group>"; };
		705E9CD82068BCB200CB4196 /* BMIQuestionView.m */ = {isa = PBXFileReference; fileEncoding = 4; lastKnownFileType = sourcecode.c.objc; path = BMIQuestionView.m; sourceTree = "<group>"; };
		705E9CD92068BCB200CB4196 /* BodyFatQuestionView.h */ = {isa = PBXFileReference; fileEncoding = 4; lastKnownFileType = sourcecode.c.h; path = BodyFatQuestionView.h; sourceTree = "<group>"; };
		705E9CDA2068BCB200CB4196 /* BodyFatQuestionView.m */ = {isa = PBXFileReference; fileEncoding = 4; lastKnownFileType = sourcecode.c.objc; path = BodyFatQuestionView.m; sourceTree = "<group>"; };
		705E9CDC2068BCB200CB4196 /* OSZRulerModel.h */ = {isa = PBXFileReference; fileEncoding = 4; lastKnownFileType = sourcecode.c.h; path = OSZRulerModel.h; sourceTree = "<group>"; };
		705E9CDD2068BCB200CB4196 /* OSZRulerModel.m */ = {isa = PBXFileReference; fileEncoding = 4; lastKnownFileType = sourcecode.c.objc; path = OSZRulerModel.m; sourceTree = "<group>"; };
		705E9CDE2068BCB200CB4196 /* OSZRulerView.h */ = {isa = PBXFileReference; fileEncoding = 4; lastKnownFileType = sourcecode.c.h; path = OSZRulerView.h; sourceTree = "<group>"; };
		705E9CDF2068BCB200CB4196 /* OSZRulerView.m */ = {isa = PBXFileReference; fileEncoding = 4; lastKnownFileType = sourcecode.c.objc; path = OSZRulerView.m; sourceTree = "<group>"; };
		705E9CE02068BCB200CB4196 /* OSZRulerViewCell.h */ = {isa = PBXFileReference; fileEncoding = 4; lastKnownFileType = sourcecode.c.h; path = OSZRulerViewCell.h; sourceTree = "<group>"; };
		705E9CE12068BCB200CB4196 /* OSZRulerViewCell.m */ = {isa = PBXFileReference; fileEncoding = 4; lastKnownFileType = sourcecode.c.objc; path = OSZRulerViewCell.m; sourceTree = "<group>"; };
		705E9CE22068BCB200CB4196 /* RatioQuestionView.h */ = {isa = PBXFileReference; fileEncoding = 4; lastKnownFileType = sourcecode.c.h; path = RatioQuestionView.h; sourceTree = "<group>"; };
		705E9CE32068BCB200CB4196 /* RatioQuestionView.m */ = {isa = PBXFileReference; fileEncoding = 4; lastKnownFileType = sourcecode.c.objc; path = RatioQuestionView.m; sourceTree = "<group>"; };
		705E9CE42068BCB200CB4196 /* SexQuestionView.h */ = {isa = PBXFileReference; fileEncoding = 4; lastKnownFileType = sourcecode.c.h; path = SexQuestionView.h; sourceTree = "<group>"; };
		705E9CE52068BCB200CB4196 /* SexQuestionView.m */ = {isa = PBXFileReference; fileEncoding = 4; lastKnownFileType = sourcecode.c.objc; path = SexQuestionView.m; sourceTree = "<group>"; };
		705E9CE72068BCB200CB4196 /* MoreChoiceQuestionView.h */ = {isa = PBXFileReference; fileEncoding = 4; lastKnownFileType = sourcecode.c.h; path = MoreChoiceQuestionView.h; sourceTree = "<group>"; };
		705E9CE82068BCB200CB4196 /* MoreChoiceQuestionView.m */ = {isa = PBXFileReference; fileEncoding = 4; lastKnownFileType = sourcecode.c.objc; path = MoreChoiceQuestionView.m; sourceTree = "<group>"; };
		705E9CE92068BCB200CB4196 /* SingleChoiceQuestionView.h */ = {isa = PBXFileReference; fileEncoding = 4; lastKnownFileType = sourcecode.c.h; path = SingleChoiceQuestionView.h; sourceTree = "<group>"; };
		705E9CEA2068BCB200CB4196 /* SingleChoiceQuestionView.m */ = {isa = PBXFileReference; fileEncoding = 4; lastKnownFileType = sourcecode.c.objc; path = SingleChoiceQuestionView.m; sourceTree = "<group>"; };
		705E9CEB2068BCB200CB4196 /* LoadAnimationView.h */ = {isa = PBXFileReference; fileEncoding = 4; lastKnownFileType = sourcecode.c.h; path = LoadAnimationView.h; sourceTree = "<group>"; };
		705E9CEC2068BCB200CB4196 /* LoadAnimationView.m */ = {isa = PBXFileReference; fileEncoding = 4; lastKnownFileType = sourcecode.c.objc; path = LoadAnimationView.m; sourceTree = "<group>"; };
		705E9CEE2068BCB200CB4196 /* QuestionListCell.h */ = {isa = PBXFileReference; fileEncoding = 4; lastKnownFileType = sourcecode.c.h; path = QuestionListCell.h; sourceTree = "<group>"; };
		705E9CEF2068BCB200CB4196 /* QuestionListCell.m */ = {isa = PBXFileReference; fileEncoding = 4; lastKnownFileType = sourcecode.c.objc; path = QuestionListCell.m; sourceTree = "<group>"; };
		705E9CF02068BCB200CB4196 /* QuestionListModel.h */ = {isa = PBXFileReference; fileEncoding = 4; lastKnownFileType = sourcecode.c.h; path = QuestionListModel.h; sourceTree = "<group>"; };
		705E9CF12068BCB200CB4196 /* QuestionListModel.m */ = {isa = PBXFileReference; fileEncoding = 4; lastKnownFileType = sourcecode.c.objc; path = QuestionListModel.m; sourceTree = "<group>"; };
		705E9CF22068BCB200CB4196 /* SportQuestionListView.h */ = {isa = PBXFileReference; fileEncoding = 4; lastKnownFileType = sourcecode.c.h; path = SportQuestionListView.h; sourceTree = "<group>"; };
		705E9CF32068BCB200CB4196 /* SportQuestionListView.m */ = {isa = PBXFileReference; fileEncoding = 4; lastKnownFileType = sourcecode.c.objc; path = SportQuestionListView.m; sourceTree = "<group>"; };
		70BD993D208492E600384B3B /* MeViewController.h */ = {isa = PBXFileReference; fileEncoding = 4; lastKnownFileType = sourcecode.c.h; path = MeViewController.h; sourceTree = "<group>"; };
		70BD993E208492E600384B3B /* MeViewController.m */ = {isa = PBXFileReference; fileEncoding = 4; lastKnownFileType = sourcecode.c.objc; path = MeViewController.m; sourceTree = "<group>"; };
		70BD9940208492E600384B3B /* FriendModel.h */ = {isa = PBXFileReference; fileEncoding = 4; lastKnownFileType = sourcecode.c.h; path = FriendModel.h; sourceTree = "<group>"; };
		70BD9941208492E600384B3B /* FriendModel.m */ = {isa = PBXFileReference; fileEncoding = 4; lastKnownFileType = sourcecode.c.objc; path = FriendModel.m; sourceTree = "<group>"; };
		70BD9943208492E600384B3B /* MeNetworkManager.h */ = {isa = PBXFileReference; fileEncoding = 4; lastKnownFileType = sourcecode.c.h; path = MeNetworkManager.h; sourceTree = "<group>"; };
		70BD9944208492E600384B3B /* MeNetworkManager.m */ = {isa = PBXFileReference; fileEncoding = 4; lastKnownFileType = sourcecode.c.objc; path = MeNetworkManager.m; sourceTree = "<group>"; };
		70BD9946208492E600384B3B /* MeView.h */ = {isa = PBXFileReference; fileEncoding = 4; lastKnownFileType = sourcecode.c.h; path = MeView.h; sourceTree = "<group>"; };
		70BD9947208492E600384B3B /* MeView.m */ = {isa = PBXFileReference; fileEncoding = 4; lastKnownFileType = sourcecode.c.objc; path = MeView.m; sourceTree = "<group>"; };
		70BD9949208492E600384B3B /* MeViewModel.h */ = {isa = PBXFileReference; fileEncoding = 4; lastKnownFileType = sourcecode.c.h; path = MeViewModel.h; sourceTree = "<group>"; };
		70BD994A208492E600384B3B /* MeViewModel.m */ = {isa = PBXFileReference; fileEncoding = 4; lastKnownFileType = sourcecode.c.objc; path = MeViewModel.m; sourceTree = "<group>"; };
		70BD994C208492E600384B3B /* NetworkTool.h */ = {isa = PBXFileReference; fileEncoding = 4; lastKnownFileType = sourcecode.c.h; path = NetworkTool.h; sourceTree = "<group>"; };
		70BD994D208492E600384B3B /* NetworkTool.m */ = {isa = PBXFileReference; fileEncoding = 4; lastKnownFileType = sourcecode.c.objc; path = NetworkTool.m; sourceTree = "<group>"; };
		70BD99562084933000384B3B /* NSArray+Log.h */ = {isa = PBXFileReference; fileEncoding = 4; lastKnownFileType = sourcecode.c.h; path = "NSArray+Log.h"; sourceTree = "<group>"; };
		70BD99572084933000384B3B /* NSArray+Log.m */ = {isa = PBXFileReference; fileEncoding = 4; lastKnownFileType = sourcecode.c.objc; path = "NSArray+Log.m"; sourceTree = "<group>"; };
		70BD99582084933000384B3B /* NSString+Emoji.h */ = {isa = PBXFileReference; fileEncoding = 4; lastKnownFileType = sourcecode.c.h; path = "NSString+Emoji.h"; sourceTree = "<group>"; };
		70BD99592084933000384B3B /* NSString+Emoji.m */ = {isa = PBXFileReference; fileEncoding = 4; lastKnownFileType = sourcecode.c.objc; path = "NSString+Emoji.m"; sourceTree = "<group>"; };
		70BD995A2084933000384B3B /* NSString+sandBox.h */ = {isa = PBXFileReference; fileEncoding = 4; lastKnownFileType = sourcecode.c.h; path = "NSString+sandBox.h"; sourceTree = "<group>"; };
		70BD995B2084933000384B3B /* NSString+sandBox.m */ = {isa = PBXFileReference; fileEncoding = 4; lastKnownFileType = sourcecode.c.objc; path = "NSString+sandBox.m"; sourceTree = "<group>"; };
		70BD995C2084933000384B3B /* UIColor+Extension.h */ = {isa = PBXFileReference; fileEncoding = 4; lastKnownFileType = sourcecode.c.h; path = "UIColor+Extension.h"; sourceTree = "<group>"; };
		70BD995D2084933000384B3B /* UIColor+Extension.m */ = {isa = PBXFileReference; fileEncoding = 4; lastKnownFileType = sourcecode.c.objc; path = "UIColor+Extension.m"; sourceTree = "<group>"; };
		70BD995E2084933000384B3B /* CommonTool.h */ = {isa = PBXFileReference; fileEncoding = 4; lastKnownFileType = sourcecode.c.h; path = CommonTool.h; sourceTree = "<group>"; };
		70BD995F2084933000384B3B /* CommonTool.m */ = {isa = PBXFileReference; fileEncoding = 4; lastKnownFileType = sourcecode.c.objc; path = CommonTool.m; sourceTree = "<group>"; };
		70BD99612084933000384B3B /* OSZCoreDataManager.h */ = {isa = PBXFileReference; fileEncoding = 4; lastKnownFileType = sourcecode.c.h; path = OSZCoreDataManager.h; sourceTree = "<group>"; };
		70BD99622084933000384B3B /* OSZCoreDataManager.m */ = {isa = PBXFileReference; fileEncoding = 4; lastKnownFileType = sourcecode.c.objc; path = OSZCoreDataManager.m; sourceTree = "<group>"; };
		70BD99632084933000384B3B /* OSZCoreDataStackManager.h */ = {isa = PBXFileReference; fileEncoding = 4; lastKnownFileType = sourcecode.c.h; path = OSZCoreDataStackManager.h; sourceTree = "<group>"; };
		70BD99642084933000384B3B /* OSZCoreDataStackManager.m */ = {isa = PBXFileReference; fileEncoding = 4; lastKnownFileType = sourcecode.c.objc; path = OSZCoreDataStackManager.m; sourceTree = "<group>"; };
		70BD99662084933000384B3B /* BARegularExpression.h */ = {isa = PBXFileReference; fileEncoding = 4; lastKnownFileType = sourcecode.c.h; path = BARegularExpression.h; sourceTree = "<group>"; };
		70BD99672084933000384B3B /* BARegularExpression.m */ = {isa = PBXFileReference; fileEncoding = 4; lastKnownFileType = sourcecode.c.objc; path = BARegularExpression.m; sourceTree = "<group>"; };
		70BD99682084933000384B3B /* NSString+Regular.h */ = {isa = PBXFileReference; fileEncoding = 4; lastKnownFileType = sourcecode.c.h; path = "NSString+Regular.h"; sourceTree = "<group>"; };
		70BD99692084933000384B3B /* NSString+Regular.m */ = {isa = PBXFileReference; fileEncoding = 4; lastKnownFileType = sourcecode.c.objc; path = "NSString+Regular.m"; sourceTree = "<group>"; };
		70BD996B2084933000384B3B /* OSZHeaderLbl.h */ = {isa = PBXFileReference; fileEncoding = 4; lastKnownFileType = sourcecode.c.h; path = OSZHeaderLbl.h; sourceTree = "<group>"; };
		70BD996C2084933000384B3B /* OSZHeaderLbl.m */ = {isa = PBXFileReference; fileEncoding = 4; lastKnownFileType = sourcecode.c.objc; path = OSZHeaderLbl.m; sourceTree = "<group>"; };
		70BD996D2084933000384B3B /* UINavigationController+OSZObjcSugar.h */ = {isa = PBXFileReference; fileEncoding = 4; lastKnownFileType = sourcecode.c.h; path = "UINavigationController+OSZObjcSugar.h"; sourceTree = "<group>"; };
		70BD996E2084933000384B3B /* UINavigationController+OSZObjcSugar.m */ = {isa = PBXFileReference; fileEncoding = 4; lastKnownFileType = sourcecode.c.objc; path = "UINavigationController+OSZObjcSugar.m"; sourceTree = "<group>"; };
		70BD996F2084933000384B3B /* UIResponder+FirstResponder.h */ = {isa = PBXFileReference; fileEncoding = 4; lastKnownFileType = sourcecode.c.h; path = "UIResponder+FirstResponder.h"; sourceTree = "<group>"; };
		70BD99702084933000384B3B /* UIResponder+FirstResponder.m */ = {isa = PBXFileReference; fileEncoding = 4; lastKnownFileType = sourcecode.c.objc; path = "UIResponder+FirstResponder.m"; sourceTree = "<group>"; };
		70BD99712084933000384B3B /* UIScrollView+Touch.h */ = {isa = PBXFileReference; fileEncoding = 4; lastKnownFileType = sourcecode.c.h; path = "UIScrollView+Touch.h"; sourceTree = "<group>"; };
		70BD99722084933000384B3B /* UIScrollView+Touch.m */ = {isa = PBXFileReference; fileEncoding = 4; lastKnownFileType = sourcecode.c.objc; path = "UIScrollView+Touch.m"; sourceTree = "<group>"; };
		70BD99732084933000384B3B /* UIView+OSZFrame.h */ = {isa = PBXFileReference; fileEncoding = 4; lastKnownFileType = sourcecode.c.h; path = "UIView+OSZFrame.h"; sourceTree = "<group>"; };
		70BD99742084933000384B3B /* UIView+OSZFrame.m */ = {isa = PBXFileReference; fileEncoding = 4; lastKnownFileType = sourcecode.c.objc; path = "UIView+OSZFrame.m"; sourceTree = "<group>"; };
		B33F6EAF225599080090B518 /* QMUI.h */ = {isa = PBXFileReference; fileEncoding = 4; lastKnownFileType = sourcecode.c.h; path = QMUI.h; sourceTree = "<group>"; };
		B33F6EB0225599080090B518 /* QMUI.m */ = {isa = PBXFileReference; fileEncoding = 4; lastKnownFileType = sourcecode.c.objc; path = QMUI.m; sourceTree = "<group>"; };
		B33F6EB2225599080090B518 /* UIScrollView+RollView.h */ = {isa = PBXFileReference; fileEncoding = 4; lastKnownFileType = sourcecode.c.h; path = "UIScrollView+RollView.h"; sourceTree = "<group>"; };
		B33F6EB3225599080090B518 /* UIButton+Customise.m */ = {isa = PBXFileReference; fileEncoding = 4; lastKnownFileType = sourcecode.c.objc; path = "UIButton+Customise.m"; sourceTree = "<group>"; };
		B33F6EB4225599080090B518 /* NSDate+Extensions.m */ = {isa = PBXFileReference; fileEncoding = 4; lastKnownFileType = sourcecode.c.objc; path = "NSDate+Extensions.m"; sourceTree = "<group>"; };
		B33F6EB5225599080090B518 /* UINavigationController+MCObjc.h */ = {isa = PBXFileReference; fileEncoding = 4; lastKnownFileType = sourcecode.c.h; path = "UINavigationController+MCObjc.h"; sourceTree = "<group>"; };
		B33F6EB6225599080090B518 /* UIViewController+CurrentController.m */ = {isa = PBXFileReference; fileEncoding = 4; lastKnownFileType = sourcecode.c.objc; path = "UIViewController+CurrentController.m"; sourceTree = "<group>"; };
		B33F6EB7225599080090B518 /* MBProgressHUD+MJ.h */ = {isa = PBXFileReference; fileEncoding = 4; lastKnownFileType = sourcecode.c.h; path = "MBProgressHUD+MJ.h"; sourceTree = "<group>"; };
		B33F6EB8225599080090B518 /* NSString+Extension.h */ = {isa = PBXFileReference; fileEncoding = 4; lastKnownFileType = sourcecode.c.h; path = "NSString+Extension.h"; sourceTree = "<group>"; };
		B33F6EB9225599080090B518 /* NSDate+Extension.h */ = {isa = PBXFileReference; fileEncoding = 4; lastKnownFileType = sourcecode.c.h; path = "NSDate+Extension.h"; sourceTree = "<group>"; };
		B33F6EBA225599080090B518 /* UITextView+Placeholder.m */ = {isa = PBXFileReference; fileEncoding = 4; lastKnownFileType = sourcecode.c.objc; path = "UITextView+Placeholder.m"; sourceTree = "<group>"; };
		B33F6EBB225599080090B518 /* UIView+Extension.h */ = {isa = PBXFileReference; fileEncoding = 4; lastKnownFileType = sourcecode.c.h; path = "UIView+Extension.h"; sourceTree = "<group>"; };
		B33F6EBC225599080090B518 /* UINavigationController+pop.h */ = {isa = PBXFileReference; fileEncoding = 4; lastKnownFileType = sourcecode.c.h; path = "UINavigationController+pop.h"; sourceTree = "<group>"; };
		B33F6EBD225599080090B518 /* NSObject+ModelDescription.h */ = {isa = PBXFileReference; fileEncoding = 4; lastKnownFileType = sourcecode.c.h; path = "NSObject+ModelDescription.h"; sourceTree = "<group>"; };
		B33F6EBE225599080090B518 /* UIView+ColorOfPoint.m */ = {isa = PBXFileReference; fileEncoding = 4; lastKnownFileType = sourcecode.c.objc; path = "UIView+ColorOfPoint.m"; sourceTree = "<group>"; };
		B33F6EBF225599080090B518 /* NSString+PinYin.m */ = {isa = PBXFileReference; fileEncoding = 4; lastKnownFileType = sourcecode.c.objc; path = "NSString+PinYin.m"; sourceTree = "<group>"; };
		B33F6EC0225599080090B518 /* UIImage+Extension.m */ = {isa = PBXFileReference; fileEncoding = 4; lastKnownFileType = sourcecode.c.objc; path = "UIImage+Extension.m"; sourceTree = "<group>"; };
		B33F6EC1225599080090B518 /* UIImageView+URL.h */ = {isa = PBXFileReference; fileEncoding = 4; lastKnownFileType = sourcecode.c.h; path = "UIImageView+URL.h"; sourceTree = "<group>"; };
		B33F6EC2225599080090B518 /* UIButton+IntervalTime.m */ = {isa = PBXFileReference; fileEncoding = 4; lastKnownFileType = sourcecode.c.objc; path = "UIButton+IntervalTime.m"; sourceTree = "<group>"; };
		B33F6EC3225599080090B518 /* UIImage+FixOrientation.h */ = {isa = PBXFileReference; fileEncoding = 4; lastKnownFileType = sourcecode.c.h; path = "UIImage+FixOrientation.h"; sourceTree = "<group>"; };
		B33F6EC4225599080090B518 /* NSBundle+Language.m */ = {isa = PBXFileReference; fileEncoding = 4; lastKnownFileType = sourcecode.c.objc; path = "NSBundle+Language.m"; sourceTree = "<group>"; };
		B33F6EC5225599080090B518 /* NSDate+ServerTime.h */ = {isa = PBXFileReference; fileEncoding = 4; lastKnownFileType = sourcecode.c.h; path = "NSDate+ServerTime.h"; sourceTree = "<group>"; };
		B33F6EC6225599080090B518 /* NSDate+Extensions.h */ = {isa = PBXFileReference; fileEncoding = 4; lastKnownFileType = sourcecode.c.h; path = "NSDate+Extensions.h"; sourceTree = "<group>"; };
		B33F6EC7225599080090B518 /* UIButton+Customise.h */ = {isa = PBXFileReference; fileEncoding = 4; lastKnownFileType = sourcecode.c.h; path = "UIButton+Customise.h"; sourceTree = "<group>"; };
		B33F6EC8225599080090B518 /* UIScrollView+RollView.m */ = {isa = PBXFileReference; fileEncoding = 4; lastKnownFileType = sourcecode.c.objc; path = "UIScrollView+RollView.m"; sourceTree = "<group>"; };
		B33F6EC9225599080090B518 /* UITextView+Placeholder.h */ = {isa = PBXFileReference; fileEncoding = 4; lastKnownFileType = sourcecode.c.h; path = "UITextView+Placeholder.h"; sourceTree = "<group>"; };
		B33F6ECA225599080090B518 /* NSDate+Extension.m */ = {isa = PBXFileReference; fileEncoding = 4; lastKnownFileType = sourcecode.c.objc; path = "NSDate+Extension.m"; sourceTree = "<group>"; };
		B33F6ECB225599080090B518 /* NSString+Extension.m */ = {isa = PBXFileReference; fileEncoding = 4; lastKnownFileType = sourcecode.c.objc; path = "NSString+Extension.m"; sourceTree = "<group>"; };
		B33F6ECC225599080090B518 /* MBProgressHUD+MJ.m */ = {isa = PBXFileReference; fileEncoding = 4; lastKnownFileType = sourcecode.c.objc; path = "MBProgressHUD+MJ.m"; sourceTree = "<group>"; };
		B33F6ECD225599080090B518 /* UIViewController+CurrentController.h */ = {isa = PBXFileReference; fileEncoding = 4; lastKnownFileType = sourcecode.c.h; path = "UIViewController+CurrentController.h"; sourceTree = "<group>"; };
		B33F6ECE225599080090B518 /* UINavigationController+MCObjc.m */ = {isa = PBXFileReference; fileEncoding = 4; lastKnownFileType = sourcecode.c.objc; path = "UINavigationController+MCObjc.m"; sourceTree = "<group>"; };
		B33F6ECF225599080090B518 /* UIButton+IntervalTime.h */ = {isa = PBXFileReference; fileEncoding = 4; lastKnownFileType = sourcecode.c.h; path = "UIButton+IntervalTime.h"; sourceTree = "<group>"; };
		B33F6ED0225599080090B518 /* UIImageView+URL.m */ = {isa = PBXFileReference; fileEncoding = 4; lastKnownFileType = sourcecode.c.objc; path = "UIImageView+URL.m"; sourceTree = "<group>"; };
		B33F6ED1225599080090B518 /* UIImage+Extension.h */ = {isa = PBXFileReference; fileEncoding = 4; lastKnownFileType = sourcecode.c.h; path = "UIImage+Extension.h"; sourceTree = "<group>"; };
		B33F6ED2225599080090B518 /* NSString+PinYin.h */ = {isa = PBXFileReference; fileEncoding = 4; lastKnownFileType = sourcecode.c.h; path = "NSString+PinYin.h"; sourceTree = "<group>"; };
		B33F6ED3225599080090B518 /* UIView+ColorOfPoint.h */ = {isa = PBXFileReference; fileEncoding = 4; lastKnownFileType = sourcecode.c.h; path = "UIView+ColorOfPoint.h"; sourceTree = "<group>"; };
		B33F6ED4225599080090B518 /* NSObject+ModelDescription.m */ = {isa = PBXFileReference; fileEncoding = 4; lastKnownFileType = sourcecode.c.objc; path = "NSObject+ModelDescription.m"; sourceTree = "<group>"; };
		B33F6ED5225599080090B518 /* UINavigationController+pop.m */ = {isa = PBXFileReference; fileEncoding = 4; lastKnownFileType = sourcecode.c.objc; path = "UINavigationController+pop.m"; sourceTree = "<group>"; };
		B33F6ED6225599080090B518 /* UIView+Extension.m */ = {isa = PBXFileReference; fileEncoding = 4; lastKnownFileType = sourcecode.c.objc; path = "UIView+Extension.m"; sourceTree = "<group>"; };
		B33F6ED7225599080090B518 /* NSDate+ServerTime.m */ = {isa = PBXFileReference; fileEncoding = 4; lastKnownFileType = sourcecode.c.objc; path = "NSDate+ServerTime.m"; sourceTree = "<group>"; };
		B33F6ED8225599080090B518 /* NSBundle+Language.h */ = {isa = PBXFileReference; fileEncoding = 4; lastKnownFileType = sourcecode.c.h; path = "NSBundle+Language.h"; sourceTree = "<group>"; };
		B33F6ED9225599080090B518 /* UIImage+FixOrientation.m */ = {isa = PBXFileReference; fileEncoding = 4; lastKnownFileType = sourcecode.c.objc; path = "UIImage+FixOrientation.m"; sourceTree = "<group>"; };
		B33F6EDC225599080090B518 /* FFNotificationConfig.h */ = {isa = PBXFileReference; fileEncoding = 4; lastKnownFileType = sourcecode.c.h; path = FFNotificationConfig.h; sourceTree = "<group>"; };
		B33F6EDD225599080090B518 /* FFNotificationEmptyWindow.m */ = {isa = PBXFileReference; fileEncoding = 4; lastKnownFileType = sourcecode.c.objc; path = FFNotificationEmptyWindow.m; sourceTree = "<group>"; };
		B33F6EDE225599080090B518 /* FFNotificationWindow.h */ = {isa = PBXFileReference; fileEncoding = 4; lastKnownFileType = sourcecode.c.h; path = FFNotificationWindow.h; sourceTree = "<group>"; };
		B33F6EDF225599080090B518 /* FFNotificationView.m */ = {isa = PBXFileReference; fileEncoding = 4; lastKnownFileType = sourcecode.c.objc; path = FFNotificationView.m; sourceTree = "<group>"; };
		B33F6EE0225599080090B518 /* FFRootViewController.m */ = {isa = PBXFileReference; fileEncoding = 4; lastKnownFileType = sourcecode.c.objc; path = FFRootViewController.m; sourceTree = "<group>"; };
		B33F6EE1225599080090B518 /* FFNotificationConfig.m */ = {isa = PBXFileReference; fileEncoding = 4; lastKnownFileType = sourcecode.c.objc; path = FFNotificationConfig.m; sourceTree = "<group>"; };
		B33F6EE2225599080090B518 /* FFNotificationWindow.m */ = {isa = PBXFileReference; fileEncoding = 4; lastKnownFileType = sourcecode.c.objc; path = FFNotificationWindow.m; sourceTree = "<group>"; };
		B33F6EE3225599080090B518 /* FFNotificationEmptyWindow.h */ = {isa = PBXFileReference; fileEncoding = 4; lastKnownFileType = sourcecode.c.h; path = FFNotificationEmptyWindow.h; sourceTree = "<group>"; };
		B33F6EE4225599080090B518 /* FFRootViewController.h */ = {isa = PBXFileReference; fileEncoding = 4; lastKnownFileType = sourcecode.c.h; path = FFRootViewController.h; sourceTree = "<group>"; };
		B33F6EE5225599080090B518 /* FFNotificationView.h */ = {isa = PBXFileReference; fileEncoding = 4; lastKnownFileType = sourcecode.c.h; path = FFNotificationView.h; sourceTree = "<group>"; };
		B33F6EE6225599080090B518 /* RulerLayout.h */ = {isa = PBXFileReference; fileEncoding = 4; lastKnownFileType = sourcecode.c.h; path = RulerLayout.h; sourceTree = "<group>"; };
		B33F6EE7225599080090B518 /* BaseLoadingView.h */ = {isa = PBXFileReference; fileEncoding = 4; lastKnownFileType = sourcecode.c.h; path = BaseLoadingView.h; sourceTree = "<group>"; };
		B33F6EE8225599080090B518 /* HorizontalPageableLayout.h */ = {isa = PBXFileReference; fileEncoding = 4; lastKnownFileType = sourcecode.c.h; path = HorizontalPageableLayout.h; sourceTree = "<group>"; };
		B33F6EE9225599080090B518 /* ZQFCycleView.m */ = {isa = PBXFileReference; fileEncoding = 4; lastKnownFileType = sourcecode.c.objc; path = ZQFCycleView.m; sourceTree = "<group>"; };
		B33F6EEA225599080090B518 /* HorizontalPageViewController.m */ = {isa = PBXFileReference; fileEncoding = 4; lastKnownFileType = sourcecode.c.objc; path = HorizontalPageViewController.m; sourceTree = "<group>"; };
		B33F6EEB225599080090B518 /* BaseNetworkingErrorView.m */ = {isa = PBXFileReference; fileEncoding = 4; lastKnownFileType = sourcecode.c.objc; path = BaseNetworkingErrorView.m; sourceTree = "<group>"; };
		B33F6EEC225599080090B518 /* DataTimeLineView.h */ = {isa = PBXFileReference; fileEncoding = 4; lastKnownFileType = sourcecode.c.h; path = DataTimeLineView.h; sourceTree = "<group>"; };
		B33F6EED225599080090B518 /* DataColorView.m */ = {isa = PBXFileReference; fileEncoding = 4; lastKnownFileType = sourcecode.c.objc; path = DataColorView.m; sourceTree = "<group>"; };
		B33F6EEE225599080090B518 /* RulerCollectionViewCell.h */ = {isa = PBXFileReference; fileEncoding = 4; lastKnownFileType = sourcecode.c.h; path = RulerCollectionViewCell.h; sourceTree = "<group>"; };
		B33F6EEF225599080090B518 /* RoundLineView.m */ = {isa = PBXFileReference; fileEncoding = 4; lastKnownFileType = sourcecode.c.objc; path = RoundLineView.m; sourceTree = "<group>"; };
		B33F6EF0225599080090B518 /* RulerView.m */ = {isa = PBXFileReference; fileEncoding = 4; lastKnownFileType = sourcecode.c.objc; path = RulerView.m; sourceTree = "<group>"; };
		B33F6EF1225599080090B518 /* TitleAndIconButton.h */ = {isa = PBXFileReference; fileEncoding = 4; lastKnownFileType = sourcecode.c.h; path = TitleAndIconButton.h; sourceTree = "<group>"; };
		B33F6EF2225599080090B518 /* BaseLoadingView.m */ = {isa = PBXFileReference; fileEncoding = 4; lastKnownFileType = sourcecode.c.objc; path = BaseLoadingView.m; sourceTree = "<group>"; };
		B33F6EF3225599080090B518 /* RulerLayout.m */ = {isa = PBXFileReference; fileEncoding = 4; lastKnownFileType = sourcecode.c.objc; path = RulerLayout.m; sourceTree = "<group>"; };
		B33F6EF4225599080090B518 /* ZQFCycleView.h */ = {isa = PBXFileReference; fileEncoding = 4; lastKnownFileType = sourcecode.c.h; path = ZQFCycleView.h; sourceTree = "<group>"; };
		B33F6EF6225599080090B518 /* AddressModel.h */ = {isa = PBXFileReference; fileEncoding = 4; lastKnownFileType = sourcecode.c.h; path = AddressModel.h; sourceTree = "<group>"; };
		B33F6EF7225599080090B518 /* AddressPickView.m */ = {isa = PBXFileReference; fileEncoding = 4; lastKnownFileType = sourcecode.c.objc; path = AddressPickView.m; sourceTree = "<group>"; };
		B33F6EF8225599080090B518 /* AddressModel.m */ = {isa = PBXFileReference; fileEncoding = 4; lastKnownFileType = sourcecode.c.objc; path = AddressModel.m; sourceTree = "<group>"; };
		B33F6EF9225599080090B518 /* addressData.json */ = {isa = PBXFileReference; fileEncoding = 4; lastKnownFileType = text.json; path = addressData.json; sourceTree = "<group>"; };
		B33F6EFA225599080090B518 /* AddressPickView.h */ = {isa = PBXFileReference; fileEncoding = 4; lastKnownFileType = sourcecode.c.h; path = AddressPickView.h; sourceTree = "<group>"; };
		B33F6EFB225599080090B518 /* HorizontalPageableLayout.m */ = {isa = PBXFileReference; fileEncoding = 4; lastKnownFileType = sourcecode.c.objc; path = HorizontalPageableLayout.m; sourceTree = "<group>"; };
		B33F6EFC225599080090B518 /* DataColorView.h */ = {isa = PBXFileReference; fileEncoding = 4; lastKnownFileType = sourcecode.c.h; path = DataColorView.h; sourceTree = "<group>"; };
		B33F6EFD225599080090B518 /* DataTimeLineView.m */ = {isa = PBXFileReference; fileEncoding = 4; lastKnownFileType = sourcecode.c.objc; path = DataTimeLineView.m; sourceTree = "<group>"; };
		B33F6EFE225599080090B518 /* BaseNetworkingErrorView.h */ = {isa = PBXFileReference; fileEncoding = 4; lastKnownFileType = sourcecode.c.h; path = BaseNetworkingErrorView.h; sourceTree = "<group>"; };
		B33F6EFF225599080090B518 /* HorizontalPageViewController.h */ = {isa = PBXFileReference; fileEncoding = 4; lastKnownFileType = sourcecode.c.h; path = HorizontalPageViewController.h; sourceTree = "<group>"; };
		B33F6F00225599080090B518 /* TitleAndIconButton.m */ = {isa = PBXFileReference; fileEncoding = 4; lastKnownFileType = sourcecode.c.objc; path = TitleAndIconButton.m; sourceTree = "<group>"; };
		B33F6F01225599080090B518 /* RulerView.h */ = {isa = PBXFileReference; fileEncoding = 4; lastKnownFileType = sourcecode.c.h; path = RulerView.h; sourceTree = "<group>"; };
		B33F6F02225599080090B518 /* RulerCollectionViewCell.m */ = {isa = PBXFileReference; fileEncoding = 4; lastKnownFileType = sourcecode.c.objc; path = RulerCollectionViewCell.m; sourceTree = "<group>"; };
		B33F6F03225599080090B518 /* RoundLineView.h */ = {isa = PBXFileReference; fileEncoding = 4; lastKnownFileType = sourcecode.c.h; path = RoundLineView.h; sourceTree = "<group>"; };
		B33F6F05225599080090B518 /* Tools.m */ = {isa = PBXFileReference; fileEncoding = 4; lastKnownFileType = sourcecode.c.objc; path = Tools.m; sourceTree = "<group>"; };
		B33F6F06225599080090B518 /* SGQRCodeGenerateManager.m */ = {isa = PBXFileReference; fileEncoding = 4; lastKnownFileType = sourcecode.c.objc; path = SGQRCodeGenerateManager.m; sourceTree = "<group>"; };
		B33F6F07225599080090B518 /* Tools.h */ = {isa = PBXFileReference; fileEncoding = 4; lastKnownFileType = sourcecode.c.h; path = Tools.h; sourceTree = "<group>"; };
		B33F6F09225599080090B518 /* HealthRecordMacro.h */ = {isa = PBXFileReference; fileEncoding = 4; lastKnownFileType = sourcecode.c.h; path = HealthRecordMacro.h; sourceTree = "<group>"; };
		B33F6F0B225599080090B518 /* WebViewJavascriptBridgeBase.m */ = {isa = PBXFileReference; fileEncoding = 4; lastKnownFileType = sourcecode.c.objc; path = WebViewJavascriptBridgeBase.m; sourceTree = "<group>"; };
		B33F6F0C225599080090B518 /* CookieManager.h */ = {isa = PBXFileReference; fileEncoding = 4; lastKnownFileType = sourcecode.c.h; path = CookieManager.h; sourceTree = "<group>"; };
		B33F6F0D225599080090B518 /* WKWebViewJavascriptBridge.m */ = {isa = PBXFileReference; fileEncoding = 4; lastKnownFileType = sourcecode.c.objc; path = WKWebViewJavascriptBridge.m; sourceTree = "<group>"; };
		B33F6F0E225599080090B518 /* WebViewJavascriptBridge.m */ = {isa = PBXFileReference; fileEncoding = 4; lastKnownFileType = sourcecode.c.objc; path = WebViewJavascriptBridge.m; sourceTree = "<group>"; };
		B33F6F0F225599080090B518 /* WebViewJavascriptBridge_JS.h */ = {isa = PBXFileReference; fileEncoding = 4; lastKnownFileType = sourcecode.c.h; path = WebViewJavascriptBridge_JS.h; sourceTree = "<group>"; };
		B33F6F10225599080090B518 /* WebViewJavascriptBridgeBase.h */ = {isa = PBXFileReference; fileEncoding = 4; lastKnownFileType = sourcecode.c.h; path = WebViewJavascriptBridgeBase.h; sourceTree = "<group>"; };
		B33F6F11225599080090B518 /* CookieManager.m */ = {isa = PBXFileReference; fileEncoding = 4; lastKnownFileType = sourcecode.c.objc; path = CookieManager.m; sourceTree = "<group>"; };
		B33F6F12225599080090B518 /* WebViewJavascriptBridge_JS.m */ = {isa = PBXFileReference; fileEncoding = 4; lastKnownFileType = sourcecode.c.objc; path = WebViewJavascriptBridge_JS.m; sourceTree = "<group>"; };
		B33F6F13225599080090B518 /* WebViewJavascriptBridge.h */ = {isa = PBXFileReference; fileEncoding = 4; lastKnownFileType = sourcecode.c.h; path = WebViewJavascriptBridge.h; sourceTree = "<group>"; };
		B33F6F14225599080090B518 /* WKWebViewJavascriptBridge.h */ = {isa = PBXFileReference; fileEncoding = 4; lastKnownFileType = sourcecode.c.h; path = WKWebViewJavascriptBridge.h; sourceTree = "<group>"; };
		B33F6F15225599080090B518 /* SGQRCodeGenerateManager.h */ = {isa = PBXFileReference; fileEncoding = 4; lastKnownFileType = sourcecode.c.h; path = SGQRCodeGenerateManager.h; sourceTree = "<group>"; };
		B33F6F47225599100090B518 /* RequestSerializer.m */ = {isa = PBXFileReference; fileEncoding = 4; lastKnownFileType = sourcecode.c.objc; path = RequestSerializer.m; sourceTree = "<group>"; };
		B33F6F48225599100090B518 /* ICXGetPhoneType.m */ = {isa = PBXFileReference; fileEncoding = 4; lastKnownFileType = sourcecode.c.objc; path = ICXGetPhoneType.m; sourceTree = "<group>"; };
		B33F6F49225599100090B518 /* NetworkEngine.m */ = {isa = PBXFileReference; fileEncoding = 4; lastKnownFileType = sourcecode.c.objc; path = NetworkEngine.m; sourceTree = "<group>"; };
		B33F6F4A225599100090B518 /* NetworkImageTool.h */ = {isa = PBXFileReference; fileEncoding = 4; lastKnownFileType = sourcecode.c.h; path = NetworkImageTool.h; sourceTree = "<group>"; };
		B33F6F4B225599100090B518 /* FetchModel.m */ = {isa = PBXFileReference; fileEncoding = 4; lastKnownFileType = sourcecode.c.objc; path = FetchModel.m; sourceTree = "<group>"; };
		B33F6F4C225599100090B518 /* RequestSerializer.h */ = {isa = PBXFileReference; fileEncoding = 4; lastKnownFileType = sourcecode.c.h; path = RequestSerializer.h; sourceTree = "<group>"; };
		B33F6F4D225599100090B518 /* ICXGetPhoneType.h */ = {isa = PBXFileReference; fileEncoding = 4; lastKnownFileType = sourcecode.c.h; path = ICXGetPhoneType.h; sourceTree = "<group>"; };
		B33F6F4E225599100090B518 /* FetchModel.h */ = {isa = PBXFileReference; fileEncoding = 4; lastKnownFileType = sourcecode.c.h; path = FetchModel.h; sourceTree = "<group>"; };
		B33F6F4F225599100090B518 /* BaseUrlConstant.h */ = {isa = PBXFileReference; fileEncoding = 4; lastKnownFileType = sourcecode.c.h; path = BaseUrlConstant.h; sourceTree = "<group>"; };
		B33F6F50225599100090B518 /* NetworkImageTool.m */ = {isa = PBXFileReference; fileEncoding = 4; lastKnownFileType = sourcecode.c.objc; path = NetworkImageTool.m; sourceTree = "<group>"; };
		B33F6F51225599100090B518 /* NetworkEngine.h */ = {isa = PBXFileReference; fileEncoding = 4; lastKnownFileType = sourcecode.c.h; path = NetworkEngine.h; sourceTree = "<group>"; };
		B33F6F57225599410090B518 /* LaunchOperation.m */ = {isa = PBXFileReference; fileEncoding = 4; lastKnownFileType = sourcecode.c.objc; path = LaunchOperation.m; sourceTree = "<group>"; };
		B33F6F58225599420090B518 /* LaunchOperation.h */ = {isa = PBXFileReference; fileEncoding = 4; lastKnownFileType = sourcecode.c.h; path = LaunchOperation.h; sourceTree = "<group>"; };
		E16267594E2827E6D6F404B5 /* Pods-OSZToolkit.release.xcconfig */ = {isa = PBXFileReference; includeInIndex = 1; lastKnownFileType = text.xcconfig; name = "Pods-OSZToolkit.release.xcconfig"; path = "Pods/Target Support Files/Pods-OSZToolkit/Pods-OSZToolkit.release.xcconfig"; sourceTree = "<group>"; };
		F833BFF9CBCD70879447792C /* libPods-OSZToolkit.a */ = {isa = PBXFileReference; explicitFileType = archive.ar; includeInIndex = 0; path = "libPods-OSZToolkit.a"; sourceTree = BUILT_PRODUCTS_DIR; };
/* End PBXFileReference section */

/* Begin PBXFrameworksBuildPhase section */
		4E7A51D31D9CFD5600A3F713 /* Frameworks */ = {
			isa = PBXFrameworksBuildPhase;
			buildActionMask = 2147483647;
			files = (
				CE8A83F6CE484CEF42603933 /* libPods-OSZToolkit.a in Frameworks */,
			);
			runOnlyForDeploymentPostprocessing = 0;
		};
/* End PBXFrameworksBuildPhase section */

/* Begin PBXGroup section */
		0409B0641ED5A02F005182B2 /* AppEntry */ = {
			isa = PBXGroup;
			children = (
				B33F6F58225599420090B518 /* LaunchOperation.h */,
				B33F6F57225599410090B518 /* LaunchOperation.m */,
				0409B0651ED5A02F005182B2 /* AppDelegate.h */,
				0409B0661ED5A02F005182B2 /* AppDelegate.m */,
				0409B0671ED5A02F005182B2 /* main.m */,
			);
			path = AppEntry;
			sourceTree = "<group>";
		};
		0409B0731ED5A02F005182B2 /* Config */ = {
			isa = PBXGroup;
			children = (
				0409B0751ED5A02F005182B2 /* PrefixHeader.pch */,
				0409B0761ED5A02F005182B2 /* singleton.h */,
				0409B0791ED5A02F005182B2 /* 终端命令.m */,
				0409B0771ED5A02F005182B2 /* Swift.gitignore */,
				0409B0741ED5A02F005182B2 /* Objective-C.gitignore */,
				0409B0781ED5A02F005182B2 /* xcode.m */,
			);
			path = Config;
			sourceTree = "<group>";
		};
		05CE13F4AD0B21D397320674 /* Frameworks */ = {
			isa = PBXGroup;
			children = (
				F833BFF9CBCD70879447792C /* libPods-OSZToolkit.a */,
			);
			name = Frameworks;
			sourceTree = "<group>";
		};
		37881463CD3568B19F37FDB0 /* Pods */ = {
			isa = PBXGroup;
			children = (
				4CDD477F1A7DFFA3D586F308 /* Pods-OSZToolkit.debug.xcconfig */,
				E16267594E2827E6D6F404B5 /* Pods-OSZToolkit.release.xcconfig */,
			);
			name = Pods;
			sourceTree = "<group>";
		};
		4E7A51CD1D9CFD5600A3F713 = {
			isa = PBXGroup;
			children = (
				4E7A51D81D9CFD5600A3F713 /* OSZToolkit */,
				4E7A51D71D9CFD5600A3F713 /* Products */,
				37881463CD3568B19F37FDB0 /* Pods */,
				05CE13F4AD0B21D397320674 /* Frameworks */,
			);
			sourceTree = "<group>";
		};
		4E7A51D71D9CFD5600A3F713 /* Products */ = {
			isa = PBXGroup;
			children = (
				4E7A51D61D9CFD5600A3F713 /* OSZToolkit.app */,
			);
			name = Products;
			sourceTree = "<group>";
		};
		4E7A51D81D9CFD5600A3F713 /* OSZToolkit */ = {
			isa = PBXGroup;
			children = (
				0409B0641ED5A02F005182B2 /* AppEntry */,
				70BD993A208492E600384B3B /* Classes */,
				70BD994B208492E600384B3B /* NetworkTool */,
				B33F6EAD225599080090B518 /* Utils */,
				70BD99542084933000384B3B /* Utility */,
				705E9CC12068BB2E00CB4196 /* ThirdLib */,
				0409B0731ED5A02F005182B2 /* Config */,
				4E7A51D91D9CFD5600A3F713 /* Supporting Files */,
			);
			path = OSZToolkit;
			sourceTree = "<group>";
		};
		4E7A51D91D9CFD5600A3F713 /* Supporting Files */ = {
			isa = PBXGroup;
			children = (
				0409B0611ED5A018005182B2 /* ViewController.h */,
				0409B0621ED5A018005182B2 /* ViewController.m */,
				0409B05E1ED59FCA005182B2 /* Main.storyboard */,
				4E7A51E51D9CFD5600A3F713 /* Assets.xcassets */,
				4E7A51E71D9CFD5600A3F713 /* LaunchScreen.storyboard */,
				4E7A51EA1D9CFD5600A3F713 /* Info.plist */,
			);
			name = "Supporting Files";
			sourceTree = "<group>";
		};
		705E9CC12068BB2E00CB4196 /* ThirdLib */ = {
			isa = PBXGroup;
			children = (
				705E9CC82068BCB200CB4196 /* Calender */,
				705E9CD12068BCB200CB4196 /* QuestionnaireController */,
				705E9CC22068BB2E00CB4196 /* BLAreaPickView */,
			);
			path = ThirdLib;
			sourceTree = "<group>";
		};
		705E9CC22068BB2E00CB4196 /* BLAreaPickView */ = {
			isa = PBXGroup;
			children = (
				705E9CC32068BB2E00CB4196 /* areaArray.plist */,
				705E9CC42068BB2E00CB4196 /* BLAreaPickerView.h */,
				705E9CC52068BB2E00CB4196 /* BLAreaPickerView.m */,
			);
			path = BLAreaPickView;
			sourceTree = "<group>";
		};
		705E9CC82068BCB200CB4196 /* Calender */ = {
			isa = PBXGroup;
			children = (
				705E9CC92068BCB200CB4196 /* CalenderCollectionCell.h */,
				705E9CCA2068BCB200CB4196 /* CalenderCollectionCell.m */,
				705E9CCB2068BCB200CB4196 /* CalenderHeaderView.h */,
				705E9CCC2068BCB200CB4196 /* CalenderHeaderView.m */,
				705E9CCD2068BCB200CB4196 /* CalenderView.h */,
				705E9CCE2068BCB200CB4196 /* CalenderView.m */,
				705E9CCF2068BCB200CB4196 /* NSDate+Extensions.h */,
				705E9CD02068BCB200CB4196 /* NSDate+Extensions.m */,
			);
			path = Calender;
			sourceTree = "<group>";
		};
		705E9CD12068BCB200CB4196 /* QuestionnaireController */ = {
			isa = PBXGroup;
			children = (
				705E9CD22068BCB200CB4196 /* BodyShape */,
				705E9CE62068BCB200CB4196 /* BodyStatus */,
				705E9CEB2068BCB200CB4196 /* LoadAnimationView.h */,
				705E9CEC2068BCB200CB4196 /* LoadAnimationView.m */,
				705E9CED2068BCB200CB4196 /* SportHabit */,
			);
			path = QuestionnaireController;
			sourceTree = "<group>";
		};
		705E9CD22068BCB200CB4196 /* BodyShape */ = {
			isa = PBXGroup;
			children = (
				705E9CD32068BCB200CB4196 /* BaseQuestionView.h */,
				705E9CD42068BCB200CB4196 /* BaseQuestionView.m */,
				705E9CD52068BCB200CB4196 /* BirthdateQuestionView.h */,
				705E9CD62068BCB200CB4196 /* BirthdateQuestionView.m */,
				705E9CD72068BCB200CB4196 /* BMIQuestionView.h */,
				705E9CD82068BCB200CB4196 /* BMIQuestionView.m */,
				705E9CD92068BCB200CB4196 /* BodyFatQuestionView.h */,
				705E9CDA2068BCB200CB4196 /* BodyFatQuestionView.m */,
				705E9CDB2068BCB200CB4196 /* OSZRulerView */,
				705E9CE22068BCB200CB4196 /* RatioQuestionView.h */,
				705E9CE32068BCB200CB4196 /* RatioQuestionView.m */,
				705E9CE42068BCB200CB4196 /* SexQuestionView.h */,
				705E9CE52068BCB200CB4196 /* SexQuestionView.m */,
			);
			path = BodyShape;
			sourceTree = "<group>";
		};
		705E9CDB2068BCB200CB4196 /* OSZRulerView */ = {
			isa = PBXGroup;
			children = (
				705E9CDC2068BCB200CB4196 /* OSZRulerModel.h */,
				705E9CDD2068BCB200CB4196 /* OSZRulerModel.m */,
				705E9CDE2068BCB200CB4196 /* OSZRulerView.h */,
				705E9CDF2068BCB200CB4196 /* OSZRulerView.m */,
				705E9CE02068BCB200CB4196 /* OSZRulerViewCell.h */,
				705E9CE12068BCB200CB4196 /* OSZRulerViewCell.m */,
			);
			path = OSZRulerView;
			sourceTree = "<group>";
		};
		705E9CE62068BCB200CB4196 /* BodyStatus */ = {
			isa = PBXGroup;
			children = (
				705E9CE72068BCB200CB4196 /* MoreChoiceQuestionView.h */,
				705E9CE82068BCB200CB4196 /* MoreChoiceQuestionView.m */,
				705E9CE92068BCB200CB4196 /* SingleChoiceQuestionView.h */,
				705E9CEA2068BCB200CB4196 /* SingleChoiceQuestionView.m */,
			);
			path = BodyStatus;
			sourceTree = "<group>";
		};
		705E9CED2068BCB200CB4196 /* SportHabit */ = {
			isa = PBXGroup;
			children = (
				705E9CEE2068BCB200CB4196 /* QuestionListCell.h */,
				705E9CEF2068BCB200CB4196 /* QuestionListCell.m */,
				705E9CF02068BCB200CB4196 /* QuestionListModel.h */,
				705E9CF12068BCB200CB4196 /* QuestionListModel.m */,
				705E9CF22068BCB200CB4196 /* SportQuestionListView.h */,
				705E9CF32068BCB200CB4196 /* SportQuestionListView.m */,
			);
			path = SportHabit;
			sourceTree = "<group>";
		};
		70BD993A208492E600384B3B /* Classes */ = {
			isa = PBXGroup;
			children = (
				70BD993B208492E600384B3B /* Me */,
			);
			path = Classes;
			sourceTree = "<group>";
		};
		70BD993B208492E600384B3B /* Me */ = {
			isa = PBXGroup;
			children = (
				70BD993C208492E600384B3B /* Controller */,
				70BD993F208492E600384B3B /* Model */,
				70BD9942208492E600384B3B /* NetworkManager */,
				70BD9945208492E600384B3B /* View */,
				70BD9948208492E600384B3B /* ViewModel */,
			);
			path = Me;
			sourceTree = "<group>";
		};
		70BD993C208492E600384B3B /* Controller */ = {
			isa = PBXGroup;
			children = (
				70BD993D208492E600384B3B /* MeViewController.h */,
				70BD993E208492E600384B3B /* MeViewController.m */,
			);
			path = Controller;
			sourceTree = "<group>";
		};
		70BD993F208492E600384B3B /* Model */ = {
			isa = PBXGroup;
			children = (
				70BD9940208492E600384B3B /* FriendModel.h */,
				70BD9941208492E600384B3B /* FriendModel.m */,
			);
			path = Model;
			sourceTree = "<group>";
		};
		70BD9942208492E600384B3B /* NetworkManager */ = {
			isa = PBXGroup;
			children = (
				70BD9943208492E600384B3B /* MeNetworkManager.h */,
				70BD9944208492E600384B3B /* MeNetworkManager.m */,
			);
			path = NetworkManager;
			sourceTree = "<group>";
		};
		70BD9945208492E600384B3B /* View */ = {
			isa = PBXGroup;
			children = (
				70BD9946208492E600384B3B /* MeView.h */,
				70BD9947208492E600384B3B /* MeView.m */,
			);
			path = View;
			sourceTree = "<group>";
		};
		70BD9948208492E600384B3B /* ViewModel */ = {
			isa = PBXGroup;
			children = (
				70BD9949208492E600384B3B /* MeViewModel.h */,
				70BD994A208492E600384B3B /* MeViewModel.m */,
			);
			path = ViewModel;
			sourceTree = "<group>";
		};
		70BD994B208492E600384B3B /* NetworkTool */ = {
			isa = PBXGroup;
			children = (
				B33F6F46225599100090B518 /* Networking */,
				70BD994C208492E600384B3B /* NetworkTool.h */,
				70BD994D208492E600384B3B /* NetworkTool.m */,
			);
			path = NetworkTool;
			sourceTree = "<group>";
		};
		70BD99542084933000384B3B /* Utility */ = {
			isa = PBXGroup;
			children = (
				70BD995E2084933000384B3B /* CommonTool.h */,
				70BD995F2084933000384B3B /* CommonTool.m */,
				70BD996A2084933000384B3B /* UITool */,
				70BD99552084933000384B3B /* Category */,
				70BD99602084933000384B3B /* CoreData */,
				70BD99652084933000384B3B /* Regular */,
			);
			path = Utility;
			sourceTree = "<group>";
		};
		70BD99552084933000384B3B /* Category */ = {
			isa = PBXGroup;
			children = (
				70BD99562084933000384B3B /* NSArray+Log.h */,
				70BD99572084933000384B3B /* NSArray+Log.m */,
				70BD99582084933000384B3B /* NSString+Emoji.h */,
				70BD99592084933000384B3B /* NSString+Emoji.m */,
				70BD995A2084933000384B3B /* NSString+sandBox.h */,
				70BD995B2084933000384B3B /* NSString+sandBox.m */,
				70BD995C2084933000384B3B /* UIColor+Extension.h */,
				70BD995D2084933000384B3B /* UIColor+Extension.m */,
			);
			path = Category;
			sourceTree = "<group>";
		};
		70BD99602084933000384B3B /* CoreData */ = {
			isa = PBXGroup;
			children = (
				70BD99612084933000384B3B /* OSZCoreDataManager.h */,
				70BD99622084933000384B3B /* OSZCoreDataManager.m */,
				70BD99632084933000384B3B /* OSZCoreDataStackManager.h */,
				70BD99642084933000384B3B /* OSZCoreDataStackManager.m */,
			);
			path = CoreData;
			sourceTree = "<group>";
		};
		70BD99652084933000384B3B /* Regular */ = {
			isa = PBXGroup;
			children = (
				70BD99662084933000384B3B /* BARegularExpression.h */,
				70BD99672084933000384B3B /* BARegularExpression.m */,
				70BD99682084933000384B3B /* NSString+Regular.h */,
				70BD99692084933000384B3B /* NSString+Regular.m */,
			);
			path = Regular;
			sourceTree = "<group>";
		};
		70BD996A2084933000384B3B /* UITool */ = {
			isa = PBXGroup;
			children = (
				70BD996B2084933000384B3B /* OSZHeaderLbl.h */,
				70BD996C2084933000384B3B /* OSZHeaderLbl.m */,
				70BD996D2084933000384B3B /* UINavigationController+OSZObjcSugar.h */,
				70BD996E2084933000384B3B /* UINavigationController+OSZObjcSugar.m */,
				70BD996F2084933000384B3B /* UIResponder+FirstResponder.h */,
				70BD99702084933000384B3B /* UIResponder+FirstResponder.m */,
				70BD99712084933000384B3B /* UIScrollView+Touch.h */,
				70BD99722084933000384B3B /* UIScrollView+Touch.m */,
				70BD99732084933000384B3B /* UIView+OSZFrame.h */,
				70BD99742084933000384B3B /* UIView+OSZFrame.m */,
			);
			path = UITool;
			sourceTree = "<group>";
		};
		B33F6EAD225599080090B518 /* Utils */ = {
			isa = PBXGroup;
			children = (
				B33F6EAE225599080090B518 /* QMUI */,
				B33F6EB1225599080090B518 /* Category */,
				B33F6EDA225599080090B518 /* View */,
				B33F6F04225599080090B518 /* Base */,
			);
			path = Utils;
			sourceTree = "<group>";
		};
		B33F6EAE225599080090B518 /* QMUI */ = {
			isa = PBXGroup;
			children = (
				B33F6EAF225599080090B518 /* QMUI.h */,
				B33F6EB0225599080090B518 /* QMUI.m */,
			);
			path = QMUI;
			sourceTree = "<group>";
		};
		B33F6EB1225599080090B518 /* Category */ = {
			isa = PBXGroup;
			children = (
				B33F6EB2225599080090B518 /* UIScrollView+RollView.h */,
				B33F6EB3225599080090B518 /* UIButton+Customise.m */,
				B33F6EB4225599080090B518 /* NSDate+Extensions.m */,
				B33F6EB5225599080090B518 /* UINavigationController+MCObjc.h */,
				B33F6EB6225599080090B518 /* UIViewController+CurrentController.m */,
				B33F6EB7225599080090B518 /* MBProgressHUD+MJ.h */,
				B33F6EB8225599080090B518 /* NSString+Extension.h */,
				B33F6EB9225599080090B518 /* NSDate+Extension.h */,
				B33F6EBA225599080090B518 /* UITextView+Placeholder.m */,
				B33F6EBB225599080090B518 /* UIView+Extension.h */,
				B33F6EBC225599080090B518 /* UINavigationController+pop.h */,
				B33F6EBD225599080090B518 /* NSObject+ModelDescription.h */,
				B33F6EBE225599080090B518 /* UIView+ColorOfPoint.m */,
				B33F6EBF225599080090B518 /* NSString+PinYin.m */,
				B33F6EC0225599080090B518 /* UIImage+Extension.m */,
				B33F6EC1225599080090B518 /* UIImageView+URL.h */,
				B33F6EC2225599080090B518 /* UIButton+IntervalTime.m */,
				B33F6EC3225599080090B518 /* UIImage+FixOrientation.h */,
				B33F6EC4225599080090B518 /* NSBundle+Language.m */,
				B33F6EC5225599080090B518 /* NSDate+ServerTime.h */,
				B33F6EC6225599080090B518 /* NSDate+Extensions.h */,
				B33F6EC7225599080090B518 /* UIButton+Customise.h */,
				B33F6EC8225599080090B518 /* UIScrollView+RollView.m */,
				B33F6EC9225599080090B518 /* UITextView+Placeholder.h */,
				B33F6ECA225599080090B518 /* NSDate+Extension.m */,
				B33F6ECB225599080090B518 /* NSString+Extension.m */,
				B33F6ECC225599080090B518 /* MBProgressHUD+MJ.m */,
				B33F6ECD225599080090B518 /* UIViewController+CurrentController.h */,
				B33F6ECE225599080090B518 /* UINavigationController+MCObjc.m */,
				B33F6ECF225599080090B518 /* UIButton+IntervalTime.h */,
				B33F6ED0225599080090B518 /* UIImageView+URL.m */,
				B33F6ED1225599080090B518 /* UIImage+Extension.h */,
				B33F6ED2225599080090B518 /* NSString+PinYin.h */,
				B33F6ED3225599080090B518 /* UIView+ColorOfPoint.h */,
				B33F6ED4225599080090B518 /* NSObject+ModelDescription.m */,
				B33F6ED5225599080090B518 /* UINavigationController+pop.m */,
				B33F6ED6225599080090B518 /* UIView+Extension.m */,
				B33F6ED7225599080090B518 /* NSDate+ServerTime.m */,
				B33F6ED8225599080090B518 /* NSBundle+Language.h */,
				B33F6ED9225599080090B518 /* UIImage+FixOrientation.m */,
			);
			path = Category;
			sourceTree = "<group>";
		};
		B33F6EDA225599080090B518 /* View */ = {
			isa = PBXGroup;
			children = (
				B33F6EDB225599080090B518 /* NotificationView */,
				B33F6EE6225599080090B518 /* RulerLayout.h */,
				B33F6EE7225599080090B518 /* BaseLoadingView.h */,
				B33F6EE8225599080090B518 /* HorizontalPageableLayout.h */,
				B33F6EE9225599080090B518 /* ZQFCycleView.m */,
				B33F6EEA225599080090B518 /* HorizontalPageViewController.m */,
				B33F6EEB225599080090B518 /* BaseNetworkingErrorView.m */,
				B33F6EEC225599080090B518 /* DataTimeLineView.h */,
				B33F6EED225599080090B518 /* DataColorView.m */,
				B33F6EEE225599080090B518 /* RulerCollectionViewCell.h */,
				B33F6EEF225599080090B518 /* RoundLineView.m */,
				B33F6EF0225599080090B518 /* RulerView.m */,
				B33F6EF1225599080090B518 /* TitleAndIconButton.h */,
				B33F6EF2225599080090B518 /* BaseLoadingView.m */,
				B33F6EF3225599080090B518 /* RulerLayout.m */,
				B33F6EF4225599080090B518 /* ZQFCycleView.h */,
				B33F6EF5225599080090B518 /* Address */,
				B33F6EFB225599080090B518 /* HorizontalPageableLayout.m */,
				B33F6EFC225599080090B518 /* DataColorView.h */,
				B33F6EFD225599080090B518 /* DataTimeLineView.m */,
				B33F6EFE225599080090B518 /* BaseNetworkingErrorView.h */,
				B33F6EFF225599080090B518 /* HorizontalPageViewController.h */,
				B33F6F00225599080090B518 /* TitleAndIconButton.m */,
				B33F6F01225599080090B518 /* RulerView.h */,
				B33F6F02225599080090B518 /* RulerCollectionViewCell.m */,
				B33F6F03225599080090B518 /* RoundLineView.h */,
			);
			path = View;
			sourceTree = "<group>";
		};
		B33F6EDB225599080090B518 /* NotificationView */ = {
			isa = PBXGroup;
			children = (
				B33F6EDC225599080090B518 /* FFNotificationConfig.h */,
				B33F6EDD225599080090B518 /* FFNotificationEmptyWindow.m */,
				B33F6EDE225599080090B518 /* FFNotificationWindow.h */,
				B33F6EDF225599080090B518 /* FFNotificationView.m */,
				B33F6EE0225599080090B518 /* FFRootViewController.m */,
				B33F6EE1225599080090B518 /* FFNotificationConfig.m */,
				B33F6EE2225599080090B518 /* FFNotificationWindow.m */,
				B33F6EE3225599080090B518 /* FFNotificationEmptyWindow.h */,
				B33F6EE4225599080090B518 /* FFRootViewController.h */,
				B33F6EE5225599080090B518 /* FFNotificationView.h */,
			);
			path = NotificationView;
			sourceTree = "<group>";
		};
		B33F6EF5225599080090B518 /* Address */ = {
			isa = PBXGroup;
			children = (
				B33F6EF6225599080090B518 /* AddressModel.h */,
				B33F6EF7225599080090B518 /* AddressPickView.m */,
				B33F6EF8225599080090B518 /* AddressModel.m */,
				B33F6EF9225599080090B518 /* addressData.json */,
				B33F6EFA225599080090B518 /* AddressPickView.h */,
			);
			path = Address;
			sourceTree = "<group>";
		};
		B33F6F04225599080090B518 /* Base */ = {
			isa = PBXGroup;
			children = (
				B33F6F05225599080090B518 /* Tools.m */,
				B33F6F06225599080090B518 /* SGQRCodeGenerateManager.m */,
				B33F6F07225599080090B518 /* Tools.h */,
				B33F6F08225599080090B518 /* GeneReport */,
				B33F6F15225599080090B518 /* SGQRCodeGenerateManager.h */,
			);
			path = Base;
			sourceTree = "<group>";
		};
		B33F6F08225599080090B518 /* GeneReport */ = {
			isa = PBXGroup;
			children = (
				B33F6F09225599080090B518 /* HealthRecordMacro.h */,
				B33F6F0A225599080090B518 /* WebViewJavascriptBridge */,
			);
			path = GeneReport;
			sourceTree = "<group>";
		};
		B33F6F0A225599080090B518 /* WebViewJavascriptBridge */ = {
			isa = PBXGroup;
			children = (
				B33F6F0B225599080090B518 /* WebViewJavascriptBridgeBase.m */,
				B33F6F0C225599080090B518 /* CookieManager.h */,
				B33F6F0D225599080090B518 /* WKWebViewJavascriptBridge.m */,
				B33F6F0E225599080090B518 /* WebViewJavascriptBridge.m */,
				B33F6F0F225599080090B518 /* WebViewJavascriptBridge_JS.h */,
				B33F6F10225599080090B518 /* WebViewJavascriptBridgeBase.h */,
				B33F6F11225599080090B518 /* CookieManager.m */,
				B33F6F12225599080090B518 /* WebViewJavascriptBridge_JS.m */,
				B33F6F13225599080090B518 /* WebViewJavascriptBridge.h */,
				B33F6F14225599080090B518 /* WKWebViewJavascriptBridge.h */,
			);
			path = WebViewJavascriptBridge;
			sourceTree = "<group>";
		};
		B33F6F46225599100090B518 /* Networking */ = {
			isa = PBXGroup;
			children = (
				B33F6F47225599100090B518 /* RequestSerializer.m */,
				B33F6F48225599100090B518 /* ICXGetPhoneType.m */,
				B33F6F49225599100090B518 /* NetworkEngine.m */,
				B33F6F4A225599100090B518 /* NetworkImageTool.h */,
				B33F6F4B225599100090B518 /* FetchModel.m */,
				B33F6F4C225599100090B518 /* RequestSerializer.h */,
				B33F6F4D225599100090B518 /* ICXGetPhoneType.h */,
				B33F6F4E225599100090B518 /* FetchModel.h */,
				B33F6F4F225599100090B518 /* BaseUrlConstant.h */,
				B33F6F50225599100090B518 /* NetworkImageTool.m */,
				B33F6F51225599100090B518 /* NetworkEngine.h */,
			);
			path = Networking;
			sourceTree = "<group>";
		};
/* End PBXGroup section */

/* Begin PBXNativeTarget section */
		4E7A51D51D9CFD5600A3F713 /* OSZToolkit */ = {
			isa = PBXNativeTarget;
			buildConfigurationList = 4E7A51ED1D9CFD5600A3F713 /* Build configuration list for PBXNativeTarget "OSZToolkit" */;
			buildPhases = (
				D66AFC72E2392EFEC5439D05 /* [CP] Check Pods Manifest.lock */,
				4E7A51D21D9CFD5600A3F713 /* Sources */,
				4E7A51D31D9CFD5600A3F713 /* Frameworks */,
				4E7A51D41D9CFD5600A3F713 /* Resources */,
				C5D30D9F88AFEF6DFB0B17D7 /* [CP] Embed Pods Frameworks */,
				5A9B7F4BDBF0124B1D1CE4B2 /* [CP] Copy Pods Resources */,
			);
			buildRules = (
			);
			dependencies = (
			);
			name = OSZToolkit;
			productName = OSZToolkit;
			productReference = 4E7A51D61D9CFD5600A3F713 /* OSZToolkit.app */;
			productType = "com.apple.product-type.application";
		};
/* End PBXNativeTarget section */

/* Begin PBXProject section */
		4E7A51CE1D9CFD5600A3F713 /* Project object */ = {
			isa = PBXProject;
			attributes = {
				LastUpgradeCheck = 0730;
				ORGANIZATIONNAME = oldSix_Zhu;
				TargetAttributes = {
					4E7A51D51D9CFD5600A3F713 = {
						CreatedOnToolsVersion = 7.3;
						DevelopmentTeam = RNL7SY23B3;
					};
				};
			};
			buildConfigurationList = 4E7A51D11D9CFD5600A3F713 /* Build configuration list for PBXProject "OSZToolkit" */;
			compatibilityVersion = "Xcode 3.2";
			developmentRegion = English;
			hasScannedForEncodings = 0;
			knownRegions = (
				en,
				Base,
			);
			mainGroup = 4E7A51CD1D9CFD5600A3F713;
			productRefGroup = 4E7A51D71D9CFD5600A3F713 /* Products */;
			projectDirPath = "";
			projectRoot = "";
			targets = (
				4E7A51D51D9CFD5600A3F713 /* OSZToolkit */,
			);
		};
/* End PBXProject section */

/* Begin PBXResourcesBuildPhase section */
		4E7A51D41D9CFD5600A3F713 /* Resources */ = {
			isa = PBXResourcesBuildPhase;
			buildActionMask = 2147483647;
			files = (
				0409B0961ED5A02F005182B2 /* Swift.gitignore in Resources */,
				B33F6F3A225599080090B518 /* addressData.json in Resources */,
				0409B0601ED59FCA005182B2 /* Main.storyboard in Resources */,
				4E7A51E91D9CFD5600A3F713 /* LaunchScreen.storyboard in Resources */,
				0409B0951ED5A02F005182B2 /* Objective-C.gitignore in Resources */,
				4E7A51E61D9CFD5600A3F713 /* Assets.xcassets in Resources */,
				705E9CC62068BB2E00CB4196 /* areaArray.plist in Resources */,
			);
			runOnlyForDeploymentPostprocessing = 0;
		};
/* End PBXResourcesBuildPhase section */

/* Begin PBXShellScriptBuildPhase section */
		5A9B7F4BDBF0124B1D1CE4B2 /* [CP] Copy Pods Resources */ = {
			isa = PBXShellScriptBuildPhase;
			buildActionMask = 2147483647;
			files = (
			);
			inputPaths = (
			);
			name = "[CP] Copy Pods Resources";
			outputPaths = (
			);
			runOnlyForDeploymentPostprocessing = 0;
			shellPath = /bin/sh;
			shellScript = "\"${SRCROOT}/Pods/Target Support Files/Pods-OSZToolkit/Pods-OSZToolkit-resources.sh\"\n";
			showEnvVarsInLog = 0;
		};
		C5D30D9F88AFEF6DFB0B17D7 /* [CP] Embed Pods Frameworks */ = {
			isa = PBXShellScriptBuildPhase;
			buildActionMask = 2147483647;
			files = (
			);
			inputPaths = (
			);
			name = "[CP] Embed Pods Frameworks";
			outputPaths = (
			);
			runOnlyForDeploymentPostprocessing = 0;
			shellPath = /bin/sh;
			shellScript = "\"${SRCROOT}/Pods/Target Support Files/Pods-OSZToolkit/Pods-OSZToolkit-frameworks.sh\"\n";
			showEnvVarsInLog = 0;
		};
		D66AFC72E2392EFEC5439D05 /* [CP] Check Pods Manifest.lock */ = {
			isa = PBXShellScriptBuildPhase;
			buildActionMask = 2147483647;
			files = (
			);
			inputPaths = (
			);
			name = "[CP] Check Pods Manifest.lock";
			outputPaths = (
			);
			runOnlyForDeploymentPostprocessing = 0;
			shellPath = /bin/sh;
			shellScript = "diff \"${PODS_ROOT}/../Podfile.lock\" \"${PODS_ROOT}/Manifest.lock\" > /dev/null\nif [[ $? != 0 ]] ; then\n    cat << EOM\nerror: The sandbox is not in sync with the Podfile.lock. Run 'pod install' or update your CocoaPods installation.\nEOM\n    exit 1\nfi\n";
			showEnvVarsInLog = 0;
		};
/* End PBXShellScriptBuildPhase section */

/* Begin PBXSourcesBuildPhase section */
		4E7A51D21D9CFD5600A3F713 /* Sources */ = {
			isa = PBXSourcesBuildPhase;
			buildActionMask = 2147483647;
			files = (
				70BD9953208492E600384B3B /* NetworkTool.m in Sources */,
				705E9CF52068BCB200CB4196 /* CalenderHeaderView.m in Sources */,
				70BD997A2084933000384B3B /* OSZCoreDataManager.m in Sources */,
				70BD99812084933000384B3B /* UIScrollView+Touch.m in Sources */,
				705E9D022068BCB200CB4196 /* SingleChoiceQuestionView.m in Sources */,
				B33F6F34225599080090B518 /* RoundLineView.m in Sources */,
				705E9CFB2068BCB200CB4196 /* BodyFatQuestionView.m in Sources */,
				70BD99782084933000384B3B /* UIColor+Extension.m in Sources */,
				0409B08E1ED5A02F005182B2 /* AppDelegate.m in Sources */,
				70BD99792084933000384B3B /* CommonTool.m in Sources */,
				70BD9952208492E600384B3B /* MeViewModel.m in Sources */,
				705E9CF72068BCB200CB4196 /* NSDate+Extensions.m in Sources */,
				B33F6F31225599080090B518 /* HorizontalPageViewController.m in Sources */,
				705E9CF92068BCB200CB4196 /* BirthdateQuestionView.m in Sources */,
				B33F6F59225599420090B518 /* LaunchOperation.m in Sources */,
				B33F6F53225599100090B518 /* ICXGetPhoneType.m in Sources */,
				B33F6F33225599080090B518 /* DataColorView.m in Sources */,
				B33F6F2E225599080090B518 /* FFNotificationConfig.m in Sources */,
				B33F6F41225599080090B518 /* WebViewJavascriptBridgeBase.m in Sources */,
				B33F6F39225599080090B518 /* AddressModel.m in Sources */,
				B33F6F19225599080090B518 /* UIViewController+CurrentController.m in Sources */,
				B33F6F43225599080090B518 /* WebViewJavascriptBridge.m in Sources */,
				B33F6F1A225599080090B518 /* UITextView+Placeholder.m in Sources */,
				B33F6F42225599080090B518 /* WKWebViewJavascriptBridge.m in Sources */,
				B33F6F28225599080090B518 /* UIView+Extension.m in Sources */,
				B33F6F1C225599080090B518 /* NSString+PinYin.m in Sources */,
				705E9D052068BCB200CB4196 /* QuestionListModel.m in Sources */,
				B33F6F2F225599080090B518 /* FFNotificationWindow.m in Sources */,
				B33F6F17225599080090B518 /* UIButton+Customise.m in Sources */,
				B33F6F20225599080090B518 /* UIScrollView+RollView.m in Sources */,
				B33F6F45225599080090B518 /* WebViewJavascriptBridge_JS.m in Sources */,
				B33F6F52225599100090B518 /* RequestSerializer.m in Sources */,
				0409B0971ED5A02F005182B2 /* xcode.m in Sources */,
				705E9CF62068BCB200CB4196 /* CalenderView.m in Sources */,
				70BD997F2084933000384B3B /* UINavigationController+OSZObjcSugar.m in Sources */,
				B33F6F2A225599080090B518 /* UIImage+FixOrientation.m in Sources */,
				70BD9951208492E600384B3B /* MeView.m in Sources */,
				B33F6F44225599080090B518 /* CookieManager.m in Sources */,
				B33F6F29225599080090B518 /* NSDate+ServerTime.m in Sources */,
				B33F6F25225599080090B518 /* UIImageView+URL.m in Sources */,
				B33F6F37225599080090B518 /* RulerLayout.m in Sources */,
				B33F6F1F225599080090B518 /* NSBundle+Language.m in Sources */,
				705E9D032068BCB200CB4196 /* LoadAnimationView.m in Sources */,
				0409B0981ED5A02F005182B2 /* 终端命令.m in Sources */,
				B33F6F24225599080090B518 /* UINavigationController+MCObjc.m in Sources */,
				B33F6F38225599080090B518 /* AddressPickView.m in Sources */,
				B33F6F3C225599080090B518 /* DataTimeLineView.m in Sources */,
				70BD99772084933000384B3B /* NSString+sandBox.m in Sources */,
				0409B08F1ED5A02F005182B2 /* main.m in Sources */,
				705E9CF42068BCB200CB4196 /* CalenderCollectionCell.m in Sources */,
				B33F6F36225599080090B518 /* BaseLoadingView.m in Sources */,
				B33F6F3F225599080090B518 /* Tools.m in Sources */,
				70BD997E2084933000384B3B /* OSZHeaderLbl.m in Sources */,
				B33F6F21225599080090B518 /* NSDate+Extension.m in Sources */,
				B33F6F30225599080090B518 /* ZQFCycleView.m in Sources */,
				B33F6F2B225599080090B518 /* FFNotificationEmptyWindow.m in Sources */,
				B33F6F18225599080090B518 /* NSDate+Extensions.m in Sources */,
				705E9CFA2068BCB200CB4196 /* BMIQuestionView.m in Sources */,
				70BD997B2084933000384B3B /* OSZCoreDataStackManager.m in Sources */,
				B33F6F2D225599080090B518 /* FFRootViewController.m in Sources */,
				70BD994E208492E600384B3B /* MeViewController.m in Sources */,
				B33F6F1E225599080090B518 /* UIButton+IntervalTime.m in Sources */,
				B33F6F23225599080090B518 /* MBProgressHUD+MJ.m in Sources */,
				B33F6F1B225599080090B518 /* UIView+ColorOfPoint.m in Sources */,
				705E9CF82068BCB200CB4196 /* BaseQuestionView.m in Sources */,
				705E9CFE2068BCB200CB4196 /* OSZRulerViewCell.m in Sources */,
				70BD994F208492E600384B3B /* FriendModel.m in Sources */,
				B33F6F55225599100090B518 /* FetchModel.m in Sources */,
				B33F6F22225599080090B518 /* NSString+Extension.m in Sources */,
				70BD997D2084933000384B3B /* NSString+Regular.m in Sources */,
				705E9D042068BCB200CB4196 /* QuestionListCell.m in Sources */,
				B33F6F3B225599080090B518 /* HorizontalPageableLayout.m in Sources */,
				B33F6F32225599080090B518 /* BaseNetworkingErrorView.m in Sources */,
				B33F6F2C225599080090B518 /* FFNotificationView.m in Sources */,
				B33F6F35225599080090B518 /* RulerView.m in Sources */,
				70BD9950208492E600384B3B /* MeNetworkManager.m in Sources */,
				B33F6F1D225599080090B518 /* UIImage+Extension.m in Sources */,
				B33F6F27225599080090B518 /* UINavigationController+pop.m in Sources */,
				B33F6F54225599100090B518 /* NetworkEngine.m in Sources */,
				705E9CFC2068BCB200CB4196 /* OSZRulerModel.m in Sources */,
				705E9D012068BCB200CB4196 /* MoreChoiceQuestionView.m in Sources */,
				B33F6F56225599100090B518 /* NetworkImageTool.m in Sources */,
				B33F6F40225599080090B518 /* SGQRCodeGenerateManager.m in Sources */,
				0409B0631ED5A018005182B2 /* ViewController.m in Sources */,
				B33F6F26225599080090B518 /* NSObject+ModelDescription.m in Sources */,
				705E9CFD2068BCB200CB4196 /* OSZRulerView.m in Sources */,
				70BD99762084933000384B3B /* NSString+Emoji.m in Sources */,
				705E9CFF2068BCB200CB4196 /* RatioQuestionView.m in Sources */,
				705E9D062068BCB200CB4196 /* SportQuestionListView.m in Sources */,
				B33F6F3E225599080090B518 /* RulerCollectionViewCell.m in Sources */,
				705E9D002068BCB200CB4196 /* SexQuestionView.m in Sources */,
				B33F6F3D225599080090B518 /* TitleAndIconButton.m in Sources */,
				70BD99822084933000384B3B /* UIView+OSZFrame.m in Sources */,
				705E9CC72068BB2E00CB4196 /* BLAreaPickerView.m in Sources */,
				70BD99802084933000384B3B /* UIResponder+FirstResponder.m in Sources */,
				B33F6F16225599080090B518 /* QMUI.m in Sources */,
				70BD997C2084933000384B3B /* BARegularExpression.m in Sources */,
				70BD99752084933000384B3B /* NSArray+Log.m in Sources */,
			);
			runOnlyForDeploymentPostprocessing = 0;
		};
/* End PBXSourcesBuildPhase section */

/* Begin PBXVariantGroup section */
		0409B05E1ED59FCA005182B2 /* Main.storyboard */ = {
			isa = PBXVariantGroup;
			children = (
				0409B05F1ED59FCA005182B2 /* Base */,
			);
			name = Main.storyboard;
			sourceTree = "<group>";
		};
		4E7A51E71D9CFD5600A3F713 /* LaunchScreen.storyboard */ = {
			isa = PBXVariantGroup;
			children = (
				4E7A51E81D9CFD5600A3F713 /* Base */,
			);
			name = LaunchScreen.storyboard;
			sourceTree = "<group>";
		};
/* End PBXVariantGroup section */

/* Begin XCBuildConfiguration section */
		4E7A51EB1D9CFD5600A3F713 /* Debug */ = {
			isa = XCBuildConfiguration;
			buildSettings = {
				ALWAYS_SEARCH_USER_PATHS = NO;
				CLANG_ANALYZER_NONNULL = YES;
				CLANG_CXX_LANGUAGE_STANDARD = "gnu++0x";
				CLANG_CXX_LIBRARY = "libc++";
				CLANG_ENABLE_MODULES = YES;
				CLANG_ENABLE_OBJC_ARC = YES;
				CLANG_WARN_BOOL_CONVERSION = YES;
				CLANG_WARN_CONSTANT_CONVERSION = YES;
				CLANG_WARN_DIRECT_OBJC_ISA_USAGE = YES_ERROR;
				CLANG_WARN_EMPTY_BODY = YES;
				CLANG_WARN_ENUM_CONVERSION = YES;
				CLANG_WARN_INT_CONVERSION = YES;
				CLANG_WARN_OBJC_ROOT_CLASS = YES_ERROR;
				CLANG_WARN_UNREACHABLE_CODE = YES;
				CLANG_WARN__DUPLICATE_METHOD_MATCH = YES;
				"CODE_SIGN_IDENTITY[sdk=iphoneos*]" = "iPhone Developer";
				COPY_PHASE_STRIP = NO;
				DEBUG_INFORMATION_FORMAT = dwarf;
				ENABLE_STRICT_OBJC_MSGSEND = YES;
				ENABLE_TESTABILITY = YES;
				GCC_C_LANGUAGE_STANDARD = gnu99;
				GCC_DYNAMIC_NO_PIC = NO;
				GCC_NO_COMMON_BLOCKS = YES;
				GCC_OPTIMIZATION_LEVEL = 0;
				GCC_PREPROCESSOR_DEFINITIONS = (
					"DEBUG=1",
					"$(inherited)",
				);
				GCC_WARN_64_TO_32_BIT_CONVERSION = YES;
				GCC_WARN_ABOUT_RETURN_TYPE = YES_ERROR;
				GCC_WARN_UNDECLARED_SELECTOR = YES;
				GCC_WARN_UNINITIALIZED_AUTOS = YES_AGGRESSIVE;
				GCC_WARN_UNUSED_FUNCTION = YES;
				GCC_WARN_UNUSED_VARIABLE = YES;
				IPHONEOS_DEPLOYMENT_TARGET = 9.3;
				MTL_ENABLE_DEBUG_INFO = YES;
				ONLY_ACTIVE_ARCH = YES;
				SDKROOT = iphoneos;
			};
			name = Debug;
		};
		4E7A51EC1D9CFD5600A3F713 /* Release */ = {
			isa = XCBuildConfiguration;
			buildSettings = {
				ALWAYS_SEARCH_USER_PATHS = NO;
				CLANG_ANALYZER_NONNULL = YES;
				CLANG_CXX_LANGUAGE_STANDARD = "gnu++0x";
				CLANG_CXX_LIBRARY = "libc++";
				CLANG_ENABLE_MODULES = YES;
				CLANG_ENABLE_OBJC_ARC = YES;
				CLANG_WARN_BOOL_CONVERSION = YES;
				CLANG_WARN_CONSTANT_CONVERSION = YES;
				CLANG_WARN_DIRECT_OBJC_ISA_USAGE = YES_ERROR;
				CLANG_WARN_EMPTY_BODY = YES;
				CLANG_WARN_ENUM_CONVERSION = YES;
				CLANG_WARN_INT_CONVERSION = YES;
				CLANG_WARN_OBJC_ROOT_CLASS = YES_ERROR;
				CLANG_WARN_UNREACHABLE_CODE = YES;
				CLANG_WARN__DUPLICATE_METHOD_MATCH = YES;
				"CODE_SIGN_IDENTITY[sdk=iphoneos*]" = "iPhone Developer";
				COPY_PHASE_STRIP = NO;
				DEBUG_INFORMATION_FORMAT = "dwarf-with-dsym";
				ENABLE_NS_ASSERTIONS = NO;
				ENABLE_STRICT_OBJC_MSGSEND = YES;
				GCC_C_LANGUAGE_STANDARD = gnu99;
				GCC_NO_COMMON_BLOCKS = YES;
				GCC_WARN_64_TO_32_BIT_CONVERSION = YES;
				GCC_WARN_ABOUT_RETURN_TYPE = YES_ERROR;
				GCC_WARN_UNDECLARED_SELECTOR = YES;
				GCC_WARN_UNINITIALIZED_AUTOS = YES_AGGRESSIVE;
				GCC_WARN_UNUSED_FUNCTION = YES;
				GCC_WARN_UNUSED_VARIABLE = YES;
				IPHONEOS_DEPLOYMENT_TARGET = 9.3;
				MTL_ENABLE_DEBUG_INFO = NO;
				SDKROOT = iphoneos;
				VALIDATE_PRODUCT = YES;
			};
			name = Release;
		};
		4E7A51EE1D9CFD5600A3F713 /* Debug */ = {
			isa = XCBuildConfiguration;
			baseConfigurationReference = 4CDD477F1A7DFFA3D586F308 /* Pods-OSZToolkit.debug.xcconfig */;
			buildSettings = {
				ASSETCATALOG_COMPILER_APPICON_NAME = AppIcon;
				DEVELOPMENT_TEAM = RNL7SY23B3;
				INFOPLIST_FILE = OSZToolkit/Info.plist;
				LD_RUNPATH_SEARCH_PATHS = "$(inherited) @executable_path/Frameworks";
				PRODUCT_BUNDLE_IDENTIFIER = "com.oldSix-Zhu.OSZToolkit";
				PRODUCT_NAME = "$(TARGET_NAME)";
			};
			name = Debug;
		};
		4E7A51EF1D9CFD5600A3F713 /* Release */ = {
			isa = XCBuildConfiguration;
			baseConfigurationReference = E16267594E2827E6D6F404B5 /* Pods-OSZToolkit.release.xcconfig */;
			buildSettings = {
				ASSETCATALOG_COMPILER_APPICON_NAME = AppIcon;
				DEVELOPMENT_TEAM = RNL7SY23B3;
				INFOPLIST_FILE = OSZToolkit/Info.plist;
				LD_RUNPATH_SEARCH_PATHS = "$(inherited) @executable_path/Frameworks";
				PRODUCT_BUNDLE_IDENTIFIER = "com.oldSix-Zhu.OSZToolkit";
				PRODUCT_NAME = "$(TARGET_NAME)";
			};
			name = Release;
		};
/* End XCBuildConfiguration section */

/* Begin XCConfigurationList section */
		4E7A51D11D9CFD5600A3F713 /* Build configuration list for PBXProject "OSZToolkit" */ = {
			isa = XCConfigurationList;
			buildConfigurations = (
				4E7A51EB1D9CFD5600A3F713 /* Debug */,
				4E7A51EC1D9CFD5600A3F713 /* Release */,
			);
			defaultConfigurationIsVisible = 0;
			defaultConfigurationName = Release;
		};
		4E7A51ED1D9CFD5600A3F713 /* Build configuration list for PBXNativeTarget "OSZToolkit" */ = {
			isa = XCConfigurationList;
			buildConfigurations = (
				4E7A51EE1D9CFD5600A3F713 /* Debug */,
				4E7A51EF1D9CFD5600A3F713 /* Release */,
			);
			defaultConfigurationIsVisible = 0;
			defaultConfigurationName = Release;
		};
/* End XCConfigurationList section */
	};
	rootObject = 4E7A51CE1D9CFD5600A3F713 /* Project object */;
}
