// !$*UTF8*$!
{
	archiveVersion = 1;
	classes = {
	};
	objectVersion = 46;
	objects = {

/* Begin PBXBuildFile section */
		4E7A51DB1D9CFD5600A3F713 /* main.m in Sources */ = {isa = PBXBuildFile; fileRef = 4E7A51DA1D9CFD5600A3F713 /* main.m */; };
		4E7A51DE1D9CFD5600A3F713 /* AppDelegate.m in Sources */ = {isa = PBXBuildFile; fileRef = 4E7A51DD1D9CFD5600A3F713 /* AppDelegate.m */; };
		4E7A51E11D9CFD5600A3F713 /* ViewController.m in Sources */ = {isa = PBXBuildFile; fileRef = 4E7A51E01D9CFD5600A3F713 /* ViewController.m */; };
		4E7A51E41D9CFD5600A3F713 /* Main.storyboard in Resources */ = {isa = PBXBuildFile; fileRef = 4E7A51E21D9CFD5600A3F713 /* Main.storyboard */; };
		4E7A51E61D9CFD5600A3F713 /* Assets.xcassets in Resources */ = {isa = PBXBuildFile; fileRef = 4E7A51E51D9CFD5600A3F713 /* Assets.xcassets */; };
		4E7A51E91D9CFD5600A3F713 /* LaunchScreen.storyboard in Resources */ = {isa = PBXBuildFile; fileRef = 4E7A51E71D9CFD5600A3F713 /* LaunchScreen.storyboard */; };
		4E8A3EB21DA0AE1F00B1F4D5 /* UINavigationController+OSZObjcSugar.m in Sources */ = {isa = PBXBuildFile; fileRef = 4E8A3EB11DA0AE1F00B1F4D5 /* UINavigationController+OSZObjcSugar.m */; };
		4EBEA84A1D9D2F3800DE29B8 /* Objective-C.gitignore in Resources */ = {isa = PBXBuildFile; fileRef = 4EBEA78D1D9D2F3800DE29B8 /* Objective-C.gitignore */; };
		4EBEA84B1D9D2F3800DE29B8 /* Swift.gitignore in Resources */ = {isa = PBXBuildFile; fileRef = 4EBEA78E1D9D2F3800DE29B8 /* Swift.gitignore */; };
		4EBEA84C1D9D2F3800DE29B8 /* Podfile in Resources */ = {isa = PBXBuildFile; fileRef = 4EBEA7911D9D2F3800DE29B8 /* Podfile */; };
		4EBEA84D1D9D2F3800DE29B8 /* xcode.m in Sources */ = {isa = PBXBuildFile; fileRef = 4EBEA7921D9D2F3800DE29B8 /* xcode.m */; };
		4EBEA84E1D9D2F3800DE29B8 /* 终端命令.m in Sources */ = {isa = PBXBuildFile; fileRef = 4EBEA7951D9D2F3800DE29B8 /* 终端命令.m */; };
		4EBEA84F1D9D2F3800DE29B8 /* NSArray+Log.m in Sources */ = {isa = PBXBuildFile; fileRef = 4EBEA7991D9D2F3800DE29B8 /* NSArray+Log.m */; };
		4EBEA8501D9D2F3800DE29B8 /* OSZCoreDataStackManager.m in Sources */ = {isa = PBXBuildFile; fileRef = 4EBEA79D1D9D2F3800DE29B8 /* OSZCoreDataStackManager.m */; };
		4EBEA8511D9D2F3800DE29B8 /* NSObject+Runtime.m in Sources */ = {isa = PBXBuildFile; fileRef = 4EBEA7A01D9D2F3800DE29B8 /* NSObject+Runtime.m */; };
		4EBEA8521D9D2F3800DE29B8 /* NSString+Regular.m in Sources */ = {isa = PBXBuildFile; fileRef = 4EBEA7A31D9D2F3800DE29B8 /* NSString+Regular.m */; };
		4EBEA8531D9D2F3800DE29B8 /* ZxkRegular.m in Sources */ = {isa = PBXBuildFile; fileRef = 4EBEA7A61D9D2F3800DE29B8 /* ZxkRegular.m */; };
		4EBEA8541D9D2F3800DE29B8 /* CommonTool.m in Sources */ = {isa = PBXBuildFile; fileRef = 4EBEA7A91D9D2F3800DE29B8 /* CommonTool.m */; };
		4EBEA8551D9D2F3800DE29B8 /* NSString+sandBox.m in Sources */ = {isa = PBXBuildFile; fileRef = 4EBEA7AD1D9D2F3800DE29B8 /* NSString+sandBox.m */; };
		4EBEA8561D9D2F3800DE29B8 /* NSString+Emoji.m in Sources */ = {isa = PBXBuildFile; fileRef = 4EBEA7B01D9D2F3800DE29B8 /* NSString+Emoji.m */; };
		4EBEA8571D9D2F3800DE29B8 /* OSZNetWorkTool.m in Sources */ = {isa = PBXBuildFile; fileRef = 4EBEA7B61D9D2F3800DE29B8 /* OSZNetWorkTool.m */; };
		4EBEA8681D9D2F3800DE29B8 /* Info.plist in Resources */ = {isa = PBXBuildFile; fileRef = 4EBEA7D91D9D2F3800DE29B8 /* Info.plist */; };
		4EBEA8691D9D2F3800DE29B8 /* MASCompositeConstraint.m in Sources */ = {isa = PBXBuildFile; fileRef = 4EBEA7DB1D9D2F3800DE29B8 /* MASCompositeConstraint.m */; };
		4EBEA86A1D9D2F3800DE29B8 /* MASConstraint.m in Sources */ = {isa = PBXBuildFile; fileRef = 4EBEA7DE1D9D2F3800DE29B8 /* MASConstraint.m */; };
		4EBEA86B1D9D2F3800DE29B8 /* MASConstraintMaker.m in Sources */ = {isa = PBXBuildFile; fileRef = 4EBEA7E01D9D2F3800DE29B8 /* MASConstraintMaker.m */; };
		4EBEA86C1D9D2F3800DE29B8 /* MASLayoutConstraint.m in Sources */ = {isa = PBXBuildFile; fileRef = 4EBEA7E21D9D2F3800DE29B8 /* MASLayoutConstraint.m */; };
		4EBEA86D1D9D2F3800DE29B8 /* MASViewAttribute.m in Sources */ = {isa = PBXBuildFile; fileRef = 4EBEA7E61D9D2F3800DE29B8 /* MASViewAttribute.m */; };
		4EBEA86E1D9D2F3800DE29B8 /* MASViewConstraint.m in Sources */ = {isa = PBXBuildFile; fileRef = 4EBEA7E81D9D2F3800DE29B8 /* MASViewConstraint.m */; };
		4EBEA86F1D9D2F3800DE29B8 /* NSArray+MASAdditions.m in Sources */ = {isa = PBXBuildFile; fileRef = 4EBEA7EA1D9D2F3800DE29B8 /* NSArray+MASAdditions.m */; };
		4EBEA8701D9D2F3800DE29B8 /* NSLayoutConstraint+MASDebugAdditions.m in Sources */ = {isa = PBXBuildFile; fileRef = 4EBEA7ED1D9D2F3800DE29B8 /* NSLayoutConstraint+MASDebugAdditions.m */; };
		4EBEA8711D9D2F3800DE29B8 /* View+MASAdditions.m in Sources */ = {isa = PBXBuildFile; fileRef = 4EBEA7EF1D9D2F3800DE29B8 /* View+MASAdditions.m */; };
		4EBEA8721D9D2F3800DE29B8 /* ViewController+MASAdditions.m in Sources */ = {isa = PBXBuildFile; fileRef = 4EBEA7F21D9D2F3800DE29B8 /* ViewController+MASAdditions.m */; };
		4EBEA8761D9D2F3800DE29B8 /* ioapi.c in Sources */ = {isa = PBXBuildFile; fileRef = 4EBEA7FD1D9D2F3800DE29B8 /* ioapi.c */; };
		4EBEA8771D9D2F3800DE29B8 /* mztools.c in Sources */ = {isa = PBXBuildFile; fileRef = 4EBEA7FF1D9D2F3800DE29B8 /* mztools.c */; };
		4EBEA8781D9D2F3800DE29B8 /* unzip.c in Sources */ = {isa = PBXBuildFile; fileRef = 4EBEA8011D9D2F3800DE29B8 /* unzip.c */; };
		4EBEA8791D9D2F3800DE29B8 /* zip.c in Sources */ = {isa = PBXBuildFile; fileRef = 4EBEA8031D9D2F3800DE29B8 /* zip.c */; };
		4EBEA87A1D9D2F3800DE29B8 /* SSZipArchive.m in Sources */ = {isa = PBXBuildFile; fileRef = 4EBEA8061D9D2F3800DE29B8 /* SSZipArchive.m */; };
		4EBEA87B1D9D2F3800DE29B8 /* SSKeychain.strings in Resources */ = {isa = PBXBuildFile; fileRef = 4EBEA8091D9D2F3800DE29B8 /* SSKeychain.strings */; };
		4EBEA87C1D9D2F3800DE29B8 /* SSKeychain.m in Sources */ = {isa = PBXBuildFile; fileRef = 4EBEA80C1D9D2F3800DE29B8 /* SSKeychain.m */; };
		4EBEA87D1D9D2F3800DE29B8 /* SSKeychainQuery.m in Sources */ = {isa = PBXBuildFile; fileRef = 4EBEA80E1D9D2F3800DE29B8 /* SSKeychainQuery.m */; };
		4EBEA89A1D9D2F3800DE29B8 /* UIColor+Extension.m in Sources */ = {isa = PBXBuildFile; fileRef = 4EBEA8411D9D2F3800DE29B8 /* UIColor+Extension.m */; };
		4EBEA89B1D9D2F3800DE29B8 /* OSZHeaderLbl.m in Sources */ = {isa = PBXBuildFile; fileRef = 4EBEA8451D9D2F3800DE29B8 /* OSZHeaderLbl.m */; };
		4EBEA89C1D9D2F3800DE29B8 /* UIView+OSZFrame.m in Sources */ = {isa = PBXBuildFile; fileRef = 4EBEA8491D9D2F3800DE29B8 /* UIView+OSZFrame.m */; };
		4EBEA8B51D9D30F500DE29B8 /* MBProgressHUD.m in Sources */ = {isa = PBXBuildFile; fileRef = 4EBEA8AE1D9D30F500DE29B8 /* MBProgressHUD.m */; };
		4EBEA8B61D9D30F500DE29B8 /* GDataXMLNode.m in Sources */ = {isa = PBXBuildFile; fileRef = 4EBEA8B21D9D30F500DE29B8 /* GDataXMLNode.m */; };
/* End PBXBuildFile section */

/* Begin PBXFileReference section */
		4E7A51D61D9CFD5600A3F713 /* OSZToolkit.app */ = {isa = PBXFileReference; explicitFileType = wrapper.application; includeInIndex = 0; path = OSZToolkit.app; sourceTree = BUILT_PRODUCTS_DIR; };
		4E7A51DA1D9CFD5600A3F713 /* main.m */ = {isa = PBXFileReference; lastKnownFileType = sourcecode.c.objc; path = main.m; sourceTree = "<group>"; };
		4E7A51DC1D9CFD5600A3F713 /* AppDelegate.h */ = {isa = PBXFileReference; lastKnownFileType = sourcecode.c.h; name = AppDelegate.h; path = ../AppDelegate.h; sourceTree = "<group>"; };
		4E7A51DD1D9CFD5600A3F713 /* AppDelegate.m */ = {isa = PBXFileReference; lastKnownFileType = sourcecode.c.objc; name = AppDelegate.m; path = ../AppDelegate.m; sourceTree = "<group>"; };
		4E7A51DF1D9CFD5600A3F713 /* ViewController.h */ = {isa = PBXFileReference; lastKnownFileType = sourcecode.c.h; name = ViewController.h; path = ../ViewController.h; sourceTree = "<group>"; };
		4E7A51E01D9CFD5600A3F713 /* ViewController.m */ = {isa = PBXFileReference; lastKnownFileType = sourcecode.c.objc; name = ViewController.m; path = ../ViewController.m; sourceTree = "<group>"; };
		4E7A51E31D9CFD5600A3F713 /* Base */ = {isa = PBXFileReference; lastKnownFileType = file.storyboard; name = Base; path = Base.lproj/Main.storyboard; sourceTree = "<group>"; };
		4E7A51E51D9CFD5600A3F713 /* Assets.xcassets */ = {isa = PBXFileReference; lastKnownFileType = folder.assetcatalog; path = Assets.xcassets; sourceTree = "<group>"; };
		4E7A51E81D9CFD5600A3F713 /* Base */ = {isa = PBXFileReference; lastKnownFileType = file.storyboard; name = Base; path = Base.lproj/LaunchScreen.storyboard; sourceTree = "<group>"; };
		4E7A51EA1D9CFD5600A3F713 /* Info.plist */ = {isa = PBXFileReference; lastKnownFileType = text.plist.xml; path = Info.plist; sourceTree = "<group>"; };
		4E8A3EB01DA0AE1F00B1F4D5 /* UINavigationController+OSZObjcSugar.h */ = {isa = PBXFileReference; fileEncoding = 4; lastKnownFileType = sourcecode.c.h; path = "UINavigationController+OSZObjcSugar.h"; sourceTree = "<group>"; };
		4E8A3EB11DA0AE1F00B1F4D5 /* UINavigationController+OSZObjcSugar.m */ = {isa = PBXFileReference; fileEncoding = 4; lastKnownFileType = sourcecode.c.objc; path = "UINavigationController+OSZObjcSugar.m"; sourceTree = "<group>"; };
		4EBEA78D1D9D2F3800DE29B8 /* Objective-C.gitignore */ = {isa = PBXFileReference; fileEncoding = 4; lastKnownFileType = text; path = "Objective-C.gitignore"; sourceTree = "<group>"; };
		4EBEA78E1D9D2F3800DE29B8 /* Swift.gitignore */ = {isa = PBXFileReference; fileEncoding = 4; lastKnownFileType = text; path = Swift.gitignore; sourceTree = "<group>"; };
		4EBEA7911D9D2F3800DE29B8 /* Podfile */ = {isa = PBXFileReference; fileEncoding = 4; lastKnownFileType = text; path = Podfile; sourceTree = "<group>"; };
		4EBEA7921D9D2F3800DE29B8 /* xcode.m */ = {isa = PBXFileReference; fileEncoding = 4; lastKnownFileType = sourcecode.c.objc; path = xcode.m; sourceTree = "<group>"; };
		4EBEA7941D9D2F3800DE29B8 /* singleton.h */ = {isa = PBXFileReference; fileEncoding = 4; lastKnownFileType = sourcecode.c.h; path = singleton.h; sourceTree = "<group>"; };
		4EBEA7951D9D2F3800DE29B8 /* 终端命令.m */ = {isa = PBXFileReference; fileEncoding = 4; lastKnownFileType = sourcecode.c.objc; path = "终端命令.m"; sourceTree = "<group>"; };
		4EBEA7981D9D2F3800DE29B8 /* NSArray+Log.h */ = {isa = PBXFileReference; fileEncoding = 4; lastKnownFileType = sourcecode.c.h; path = "NSArray+Log.h"; sourceTree = "<group>"; };
		4EBEA7991D9D2F3800DE29B8 /* NSArray+Log.m */ = {isa = PBXFileReference; fileEncoding = 4; lastKnownFileType = sourcecode.c.objc; path = "NSArray+Log.m"; sourceTree = "<group>"; };
		4EBEA79C1D9D2F3800DE29B8 /* OSZCoreDataStackManager.h */ = {isa = PBXFileReference; fileEncoding = 4; lastKnownFileType = sourcecode.c.h; path = OSZCoreDataStackManager.h; sourceTree = "<group>"; };
		4EBEA79D1D9D2F3800DE29B8 /* OSZCoreDataStackManager.m */ = {isa = PBXFileReference; fileEncoding = 4; lastKnownFileType = sourcecode.c.objc; path = OSZCoreDataStackManager.m; sourceTree = "<group>"; };
		4EBEA79F1D9D2F3800DE29B8 /* NSObject+Runtime.h */ = {isa = PBXFileReference; fileEncoding = 4; lastKnownFileType = sourcecode.c.h; path = "NSObject+Runtime.h"; sourceTree = "<group>"; };
		4EBEA7A01D9D2F3800DE29B8 /* NSObject+Runtime.m */ = {isa = PBXFileReference; fileEncoding = 4; lastKnownFileType = sourcecode.c.objc; path = "NSObject+Runtime.m"; sourceTree = "<group>"; };
		4EBEA7A21D9D2F3800DE29B8 /* NSString+Regular.h */ = {isa = PBXFileReference; fileEncoding = 4; lastKnownFileType = sourcecode.c.h; path = "NSString+Regular.h"; sourceTree = "<group>"; };
		4EBEA7A31D9D2F3800DE29B8 /* NSString+Regular.m */ = {isa = PBXFileReference; fileEncoding = 4; lastKnownFileType = sourcecode.c.objc; path = "NSString+Regular.m"; sourceTree = "<group>"; };
		4EBEA7A51D9D2F3800DE29B8 /* ZxkRegular.h */ = {isa = PBXFileReference; fileEncoding = 4; lastKnownFileType = sourcecode.c.h; path = ZxkRegular.h; sourceTree = "<group>"; };
		4EBEA7A61D9D2F3800DE29B8 /* ZxkRegular.m */ = {isa = PBXFileReference; fileEncoding = 4; lastKnownFileType = sourcecode.c.objc; path = ZxkRegular.m; sourceTree = "<group>"; };
		4EBEA7A81D9D2F3800DE29B8 /* CommonTool.h */ = {isa = PBXFileReference; fileEncoding = 4; lastKnownFileType = sourcecode.c.h; path = CommonTool.h; sourceTree = "<group>"; };
		4EBEA7A91D9D2F3800DE29B8 /* CommonTool.m */ = {isa = PBXFileReference; fileEncoding = 4; lastKnownFileType = sourcecode.c.objc; path = CommonTool.m; sourceTree = "<group>"; };
		4EBEA7AC1D9D2F3800DE29B8 /* NSString+sandBox.h */ = {isa = PBXFileReference; fileEncoding = 4; lastKnownFileType = sourcecode.c.h; path = "NSString+sandBox.h"; sourceTree = "<group>"; };
		4EBEA7AD1D9D2F3800DE29B8 /* NSString+sandBox.m */ = {isa = PBXFileReference; fileEncoding = 4; lastKnownFileType = sourcecode.c.objc; path = "NSString+sandBox.m"; sourceTree = "<group>"; };
		4EBEA7AF1D9D2F3800DE29B8 /* NSString+Emoji.h */ = {isa = PBXFileReference; fileEncoding = 4; lastKnownFileType = sourcecode.c.h; path = "NSString+Emoji.h"; sourceTree = "<group>"; };
		4EBEA7B01D9D2F3800DE29B8 /* NSString+Emoji.m */ = {isa = PBXFileReference; fileEncoding = 4; lastKnownFileType = sourcecode.c.objc; path = "NSString+Emoji.m"; sourceTree = "<group>"; };
		4EBEA7B51D9D2F3800DE29B8 /* OSZNetWorkTool.h */ = {isa = PBXFileReference; fileEncoding = 4; lastKnownFileType = sourcecode.c.h; path = OSZNetWorkTool.h; sourceTree = "<group>"; };
		4EBEA7B61D9D2F3800DE29B8 /* OSZNetWorkTool.m */ = {isa = PBXFileReference; fileEncoding = 4; lastKnownFileType = sourcecode.c.objc; path = OSZNetWorkTool.m; sourceTree = "<group>"; };
		4EBEA7D91D9D2F3800DE29B8 /* Info.plist */ = {isa = PBXFileReference; fileEncoding = 4; lastKnownFileType = text.plist.xml; path = Info.plist; sourceTree = "<group>"; };
		4EBEA7DA1D9D2F3800DE29B8 /* MASCompositeConstraint.h */ = {isa = PBXFileReference; fileEncoding = 4; lastKnownFileType = sourcecode.c.h; path = MASCompositeConstraint.h; sourceTree = "<group>"; };
		4EBEA7DB1D9D2F3800DE29B8 /* MASCompositeConstraint.m */ = {isa = PBXFileReference; fileEncoding = 4; lastKnownFileType = sourcecode.c.objc; path = MASCompositeConstraint.m; sourceTree = "<group>"; };
		4EBEA7DC1D9D2F3800DE29B8 /* MASConstraint+Private.h */ = {isa = PBXFileReference; fileEncoding = 4; lastKnownFileType = sourcecode.c.h; path = "MASConstraint+Private.h"; sourceTree = "<group>"; };
		4EBEA7DD1D9D2F3800DE29B8 /* MASConstraint.h */ = {isa = PBXFileReference; fileEncoding = 4; lastKnownFileType = sourcecode.c.h; path = MASConstraint.h; sourceTree = "<group>"; };
		4EBEA7DE1D9D2F3800DE29B8 /* MASConstraint.m */ = {isa = PBXFileReference; fileEncoding = 4; lastKnownFileType = sourcecode.c.objc; path = MASConstraint.m; sourceTree = "<group>"; };
		4EBEA7DF1D9D2F3800DE29B8 /* MASConstraintMaker.h */ = {isa = PBXFileReference; fileEncoding = 4; lastKnownFileType = sourcecode.c.h; path = MASConstraintMaker.h; sourceTree = "<group>"; };
		4EBEA7E01D9D2F3800DE29B8 /* MASConstraintMaker.m */ = {isa = PBXFileReference; fileEncoding = 4; lastKnownFileType = sourcecode.c.objc; path = MASConstraintMaker.m; sourceTree = "<group>"; };
		4EBEA7E11D9D2F3800DE29B8 /* MASLayoutConstraint.h */ = {isa = PBXFileReference; fileEncoding = 4; lastKnownFileType = sourcecode.c.h; path = MASLayoutConstraint.h; sourceTree = "<group>"; };
		4EBEA7E21D9D2F3800DE29B8 /* MASLayoutConstraint.m */ = {isa = PBXFileReference; fileEncoding = 4; lastKnownFileType = sourcecode.c.objc; path = MASLayoutConstraint.m; sourceTree = "<group>"; };
		4EBEA7E31D9D2F3800DE29B8 /* Masonry.h */ = {isa = PBXFileReference; fileEncoding = 4; lastKnownFileType = sourcecode.c.h; path = Masonry.h; sourceTree = "<group>"; };
		4EBEA7E41D9D2F3800DE29B8 /* MASUtilities.h */ = {isa = PBXFileReference; fileEncoding = 4; lastKnownFileType = sourcecode.c.h; path = MASUtilities.h; sourceTree = "<group>"; };
		4EBEA7E51D9D2F3800DE29B8 /* MASViewAttribute.h */ = {isa = PBXFileReference; fileEncoding = 4; lastKnownFileType = sourcecode.c.h; path = MASViewAttribute.h; sourceTree = "<group>"; };
		4EBEA7E61D9D2F3800DE29B8 /* MASViewAttribute.m */ = {isa = PBXFileReference; fileEncoding = 4; lastKnownFileType = sourcecode.c.objc; path = MASViewAttribute.m; sourceTree = "<group>"; };
		4EBEA7E71D9D2F3800DE29B8 /* MASViewConstraint.h */ = {isa = PBXFileReference; fileEncoding = 4; lastKnownFileType = sourcecode.c.h; path = MASViewConstraint.h; sourceTree = "<group>"; };
		4EBEA7E81D9D2F3800DE29B8 /* MASViewConstraint.m */ = {isa = PBXFileReference; fileEncoding = 4; lastKnownFileType = sourcecode.c.objc; path = MASViewConstraint.m; sourceTree = "<group>"; };
		4EBEA7E91D9D2F3800DE29B8 /* NSArray+MASAdditions.h */ = {isa = PBXFileReference; fileEncoding = 4; lastKnownFileType = sourcecode.c.h; path = "NSArray+MASAdditions.h"; sourceTree = "<group>"; };
		4EBEA7EA1D9D2F3800DE29B8 /* NSArray+MASAdditions.m */ = {isa = PBXFileReference; fileEncoding = 4; lastKnownFileType = sourcecode.c.objc; path = "NSArray+MASAdditions.m"; sourceTree = "<group>"; };
		4EBEA7EB1D9D2F3800DE29B8 /* NSArray+MASShorthandAdditions.h */ = {isa = PBXFileReference; fileEncoding = 4; lastKnownFileType = sourcecode.c.h; path = "NSArray+MASShorthandAdditions.h"; sourceTree = "<group>"; };
		4EBEA7EC1D9D2F3800DE29B8 /* NSLayoutConstraint+MASDebugAdditions.h */ = {isa = PBXFileReference; fileEncoding = 4; lastKnownFileType = sourcecode.c.h; path = "NSLayoutConstraint+MASDebugAdditions.h"; sourceTree = "<group>"; };
		4EBEA7ED1D9D2F3800DE29B8 /* NSLayoutConstraint+MASDebugAdditions.m */ = {isa = PBXFileReference; fileEncoding = 4; lastKnownFileType = sourcecode.c.objc; path = "NSLayoutConstraint+MASDebugAdditions.m"; sourceTree = "<group>"; };
		4EBEA7EE1D9D2F3800DE29B8 /* View+MASAdditions.h */ = {isa = PBXFileReference; fileEncoding = 4; lastKnownFileType = sourcecode.c.h; path = "View+MASAdditions.h"; sourceTree = "<group>"; };
		4EBEA7EF1D9D2F3800DE29B8 /* View+MASAdditions.m */ = {isa = PBXFileReference; fileEncoding = 4; lastKnownFileType = sourcecode.c.objc; path = "View+MASAdditions.m"; sourceTree = "<group>"; };
		4EBEA7F01D9D2F3800DE29B8 /* View+MASShorthandAdditions.h */ = {isa = PBXFileReference; fileEncoding = 4; lastKnownFileType = sourcecode.c.h; path = "View+MASShorthandAdditions.h"; sourceTree = "<group>"; };
		4EBEA7F11D9D2F3800DE29B8 /* ViewController+MASAdditions.h */ = {isa = PBXFileReference; fileEncoding = 4; lastKnownFileType = sourcecode.c.h; path = "ViewController+MASAdditions.h"; sourceTree = "<group>"; };
		4EBEA7F21D9D2F3800DE29B8 /* ViewController+MASAdditions.m */ = {isa = PBXFileReference; fileEncoding = 4; lastKnownFileType = sourcecode.c.objc; path = "ViewController+MASAdditions.m"; sourceTree = "<group>"; };
		4EBEA7FC1D9D2F3800DE29B8 /* crypt.h */ = {isa = PBXFileReference; fileEncoding = 4; lastKnownFileType = sourcecode.c.h; path = crypt.h; sourceTree = "<group>"; };
		4EBEA7FD1D9D2F3800DE29B8 /* ioapi.c */ = {isa = PBXFileReference; fileEncoding = 4; lastKnownFileType = sourcecode.c.c; path = ioapi.c; sourceTree = "<group>"; };
		4EBEA7FE1D9D2F3800DE29B8 /* ioapi.h */ = {isa = PBXFileReference; fileEncoding = 4; lastKnownFileType = sourcecode.c.h; path = ioapi.h; sourceTree = "<group>"; };
		4EBEA7FF1D9D2F3800DE29B8 /* mztools.c */ = {isa = PBXFileReference; fileEncoding = 4; lastKnownFileType = sourcecode.c.c; path = mztools.c; sourceTree = "<group>"; };
		4EBEA8001D9D2F3800DE29B8 /* mztools.h */ = {isa = PBXFileReference; fileEncoding = 4; lastKnownFileType = sourcecode.c.h; path = mztools.h; sourceTree = "<group>"; };
		4EBEA8011D9D2F3800DE29B8 /* unzip.c */ = {isa = PBXFileReference; fileEncoding = 4; lastKnownFileType = sourcecode.c.c; path = unzip.c; sourceTree = "<group>"; };
		4EBEA8021D9D2F3800DE29B8 /* unzip.h */ = {isa = PBXFileReference; fileEncoding = 4; lastKnownFileType = sourcecode.c.h; path = unzip.h; sourceTree = "<group>"; };
		4EBEA8031D9D2F3800DE29B8 /* zip.c */ = {isa = PBXFileReference; fileEncoding = 4; lastKnownFileType = sourcecode.c.c; path = zip.c; sourceTree = "<group>"; };
		4EBEA8041D9D2F3800DE29B8 /* zip.h */ = {isa = PBXFileReference; fileEncoding = 4; lastKnownFileType = sourcecode.c.h; path = zip.h; sourceTree = "<group>"; };
		4EBEA8051D9D2F3800DE29B8 /* SSZipArchive.h */ = {isa = PBXFileReference; fileEncoding = 4; lastKnownFileType = sourcecode.c.h; path = SSZipArchive.h; sourceTree = "<group>"; };
		4EBEA8061D9D2F3800DE29B8 /* SSZipArchive.m */ = {isa = PBXFileReference; fileEncoding = 4; lastKnownFileType = sourcecode.c.objc; path = SSZipArchive.m; sourceTree = "<group>"; };
		4EBEA80A1D9D2F3800DE29B8 /* en */ = {isa = PBXFileReference; lastKnownFileType = text.plist.strings; name = en; path = en.lproj/SSKeychain.strings; sourceTree = "<group>"; };
		4EBEA80B1D9D2F3800DE29B8 /* SSKeychain.h */ = {isa = PBXFileReference; fileEncoding = 4; lastKnownFileType = sourcecode.c.h; path = SSKeychain.h; sourceTree = "<group>"; };
		4EBEA80C1D9D2F3800DE29B8 /* SSKeychain.m */ = {isa = PBXFileReference; fileEncoding = 4; lastKnownFileType = sourcecode.c.objc; path = SSKeychain.m; sourceTree = "<group>"; };
		4EBEA80D1D9D2F3800DE29B8 /* SSKeychainQuery.h */ = {isa = PBXFileReference; fileEncoding = 4; lastKnownFileType = sourcecode.c.h; path = SSKeychainQuery.h; sourceTree = "<group>"; };
		4EBEA80E1D9D2F3800DE29B8 /* SSKeychainQuery.m */ = {isa = PBXFileReference; fileEncoding = 4; lastKnownFileType = sourcecode.c.objc; path = SSKeychainQuery.m; sourceTree = "<group>"; };
		4EBEA8401D9D2F3800DE29B8 /* UIColor+Extension.h */ = {isa = PBXFileReference; fileEncoding = 4; lastKnownFileType = sourcecode.c.h; path = "UIColor+Extension.h"; sourceTree = "<group>"; };
		4EBEA8411D9D2F3800DE29B8 /* UIColor+Extension.m */ = {isa = PBXFileReference; fileEncoding = 4; lastKnownFileType = sourcecode.c.objc; path = "UIColor+Extension.m"; sourceTree = "<group>"; };
		4EBEA8441D9D2F3800DE29B8 /* OSZHeaderLbl.h */ = {isa = PBXFileReference; fileEncoding = 4; lastKnownFileType = sourcecode.c.h; path = OSZHeaderLbl.h; sourceTree = "<group>"; };
		4EBEA8451D9D2F3800DE29B8 /* OSZHeaderLbl.m */ = {isa = PBXFileReference; fileEncoding = 4; lastKnownFileType = sourcecode.c.objc; path = OSZHeaderLbl.m; sourceTree = "<group>"; };
		4EBEA8481D9D2F3800DE29B8 /* UIView+OSZFrame.h */ = {isa = PBXFileReference; fileEncoding = 4; lastKnownFileType = sourcecode.c.h; path = "UIView+OSZFrame.h"; sourceTree = "<group>"; };
		4EBEA8491D9D2F3800DE29B8 /* UIView+OSZFrame.m */ = {isa = PBXFileReference; fileEncoding = 4; lastKnownFileType = sourcecode.c.objc; path = "UIView+OSZFrame.m"; sourceTree = "<group>"; };
		4EBEA8AD1D9D30F500DE29B8 /* MBProgressHUD.h */ = {isa = PBXFileReference; fileEncoding = 4; lastKnownFileType = sourcecode.c.h; path = MBProgressHUD.h; sourceTree = "<group>"; };
		4EBEA8AE1D9D30F500DE29B8 /* MBProgressHUD.m */ = {isa = PBXFileReference; fileEncoding = 4; lastKnownFileType = sourcecode.c.objc; path = MBProgressHUD.m; sourceTree = "<group>"; };
		4EBEA8B11D9D30F500DE29B8 /* GDataXMLNode.h */ = {isa = PBXFileReference; fileEncoding = 4; lastKnownFileType = sourcecode.c.h; path = GDataXMLNode.h; sourceTree = "<group>"; };
		4EBEA8B21D9D30F500DE29B8 /* GDataXMLNode.m */ = {isa = PBXFileReference; fileEncoding = 4; lastKnownFileType = sourcecode.c.objc; path = GDataXMLNode.m; sourceTree = "<group>"; };
		4EFA66FD1D9D436200203AF5 /* PrefixHeader.pch */ = {isa = PBXFileReference; fileEncoding = 4; lastKnownFileType = sourcecode.c.h; path = PrefixHeader.pch; sourceTree = "<group>"; };
/* End PBXFileReference section */

/* Begin PBXFrameworksBuildPhase section */
		4E7A51D31D9CFD5600A3F713 /* Frameworks */ = {
			isa = PBXFrameworksBuildPhase;
			buildActionMask = 2147483647;
			files = (
			);
			runOnlyForDeploymentPostprocessing = 0;
		};
/* End PBXFrameworksBuildPhase section */

/* Begin PBXGroup section */
		4E7A51CD1D9CFD5600A3F713 = {
			isa = PBXGroup;
			children = (
				4E7A51D81D9CFD5600A3F713 /* OSZToolkit */,
				4E7A51D71D9CFD5600A3F713 /* Products */,
			);
			sourceTree = "<group>";
		};
		4E7A51D71D9CFD5600A3F713 /* Products */ = {
			isa = PBXGroup;
			children = (
				4E7A51D61D9CFD5600A3F713 /* OSZToolkit.app */,
			);
			name = Products;
			sourceTree = "<group>";
		};
		4E7A51D81D9CFD5600A3F713 /* OSZToolkit */ = {
			isa = PBXGroup;
			children = (
				4EBEA78A1D9D2F3800DE29B8 /* ToolKit */,
				4EBEA7861D9D2F3000DE29B8 /* Classes */,
				4E7A51D91D9CFD5600A3F713 /* Supporting Files */,
			);
			path = OSZToolkit;
			sourceTree = "<group>";
		};
		4E7A51D91D9CFD5600A3F713 /* Supporting Files */ = {
			isa = PBXGroup;
			children = (
				4E7A51E51D9CFD5600A3F713 /* Assets.xcassets */,
				4E7A51E71D9CFD5600A3F713 /* LaunchScreen.storyboard */,
				4E7A51EA1D9CFD5600A3F713 /* Info.plist */,
				4E7A51DA1D9CFD5600A3F713 /* main.m */,
			);
			name = "Supporting Files";
			sourceTree = "<group>";
		};
		4E8A3EAF1DA0AE1F00B1F4D5 /* UINavigation+ */ = {
			isa = PBXGroup;
			children = (
				4E8A3EB01DA0AE1F00B1F4D5 /* UINavigationController+OSZObjcSugar.h */,
				4E8A3EB11DA0AE1F00B1F4D5 /* UINavigationController+OSZObjcSugar.m */,
			);
			path = "UINavigation+";
			sourceTree = "<group>";
		};
		4EBEA7861D9D2F3000DE29B8 /* Classes */ = {
			isa = PBXGroup;
			children = (
				4E7A51DC1D9CFD5600A3F713 /* AppDelegate.h */,
				4E7A51DD1D9CFD5600A3F713 /* AppDelegate.m */,
				4E7A51DF1D9CFD5600A3F713 /* ViewController.h */,
				4E7A51E01D9CFD5600A3F713 /* ViewController.m */,
				4E7A51E21D9CFD5600A3F713 /* Main.storyboard */,
				4EBEA7871D9D2F3000DE29B8 /* Model */,
				4EBEA7881D9D2F3000DE29B8 /* View */,
				4EBEA7891D9D2F3000DE29B8 /* ViewModel */,
			);
			path = Classes;
			sourceTree = "<group>";
		};
		4EBEA7871D9D2F3000DE29B8 /* Model */ = {
			isa = PBXGroup;
			children = (
			);
			path = Model;
			sourceTree = "<group>";
		};
		4EBEA7881D9D2F3000DE29B8 /* View */ = {
			isa = PBXGroup;
			children = (
			);
			path = View;
			sourceTree = "<group>";
		};
		4EBEA7891D9D2F3000DE29B8 /* ViewModel */ = {
			isa = PBXGroup;
			children = (
			);
			path = ViewModel;
			sourceTree = "<group>";
		};
		4EBEA78A1D9D2F3800DE29B8 /* ToolKit */ = {
			isa = PBXGroup;
			children = (
				4E8A3EAF1DA0AE1F00B1F4D5 /* UINavigation+ */,
				4EBEA78B1D9D2F3800DE29B8 /* Git+ */,
				4EBEA7961D9D2F3800DE29B8 /* NSArray+ */,
				4EBEA79A1D9D2F3800DE29B8 /* NSObject+ */,
				4EBEA7AA1D9D2F3800DE29B8 /* NSString+ */,
				4EBEA7B11D9D2F3800DE29B8 /* Third+ */,
				4EBEA83E1D9D2F3800DE29B8 /* UIColor+ */,
				4EBEA8421D9D2F3800DE29B8 /* UILabel+ */,
				4EBEA8461D9D2F3800DE29B8 /* UIView+ */,
			);
			path = ToolKit;
			sourceTree = "<group>";
		};
		4EBEA78B1D9D2F3800DE29B8 /* Git+ */ = {
			isa = PBXGroup;
			children = (
				4EFA66FD1D9D436200203AF5 /* PrefixHeader.pch */,
				4EBEA78C1D9D2F3800DE29B8 /* GIT隐藏文件配置 */,
				4EBEA7911D9D2F3800DE29B8 /* Podfile */,
				4EBEA7921D9D2F3800DE29B8 /* xcode.m */,
				4EBEA7931D9D2F3800DE29B8 /* 单例模式头文件 */,
				4EBEA7951D9D2F3800DE29B8 /* 终端命令.m */,
			);
			path = "Git+";
			sourceTree = "<group>";
		};
		4EBEA78C1D9D2F3800DE29B8 /* GIT隐藏文件配置 */ = {
			isa = PBXGroup;
			children = (
				4EBEA78D1D9D2F3800DE29B8 /* Objective-C.gitignore */,
				4EBEA78E1D9D2F3800DE29B8 /* Swift.gitignore */,
			);
			path = "GIT隐藏文件配置";
			sourceTree = "<group>";
		};
		4EBEA7931D9D2F3800DE29B8 /* 单例模式头文件 */ = {
			isa = PBXGroup;
			children = (
				4EBEA7941D9D2F3800DE29B8 /* singleton.h */,
			);
			path = "单例模式头文件";
			sourceTree = "<group>";
		};
		4EBEA7961D9D2F3800DE29B8 /* NSArray+ */ = {
			isa = PBXGroup;
			children = (
				4EBEA7971D9D2F3800DE29B8 /* 数组,字典打印中文NSArray分类 */,
			);
			path = "NSArray+";
			sourceTree = "<group>";
		};
		4EBEA7971D9D2F3800DE29B8 /* 数组,字典打印中文NSArray分类 */ = {
			isa = PBXGroup;
			children = (
				4EBEA7981D9D2F3800DE29B8 /* NSArray+Log.h */,
				4EBEA7991D9D2F3800DE29B8 /* NSArray+Log.m */,
			);
			path = "数组,字典打印中文NSArray分类";
			sourceTree = "<group>";
		};
		4EBEA79A1D9D2F3800DE29B8 /* NSObject+ */ = {
			isa = PBXGroup;
			children = (
				4EBEA79B1D9D2F3800DE29B8 /* CoreData增删改查工具 */,
				4EBEA79E1D9D2F3800DE29B8 /* Runtime方法 */,
				4EBEA7A11D9D2F3800DE29B8 /* 正则检索 */,
				4EBEA7A41D9D2F3800DE29B8 /* 正则验证电话号码 */,
				4EBEA7A71D9D2F3800DE29B8 /* 汉语转拼音 */,
			);
			path = "NSObject+";
			sourceTree = "<group>";
		};
		4EBEA79B1D9D2F3800DE29B8 /* CoreData增删改查工具 */ = {
			isa = PBXGroup;
			children = (
				4EBEA79C1D9D2F3800DE29B8 /* OSZCoreDataStackManager.h */,
				4EBEA79D1D9D2F3800DE29B8 /* OSZCoreDataStackManager.m */,
			);
			path = "CoreData增删改查工具";
			sourceTree = "<group>";
		};
		4EBEA79E1D9D2F3800DE29B8 /* Runtime方法 */ = {
			isa = PBXGroup;
			children = (
				4EBEA79F1D9D2F3800DE29B8 /* NSObject+Runtime.h */,
				4EBEA7A01D9D2F3800DE29B8 /* NSObject+Runtime.m */,
			);
			path = "Runtime方法";
			sourceTree = "<group>";
		};
		4EBEA7A11D9D2F3800DE29B8 /* 正则检索 */ = {
			isa = PBXGroup;
			children = (
				4EBEA7A21D9D2F3800DE29B8 /* NSString+Regular.h */,
				4EBEA7A31D9D2F3800DE29B8 /* NSString+Regular.m */,
			);
			path = "正则检索";
			sourceTree = "<group>";
		};
		4EBEA7A41D9D2F3800DE29B8 /* 正则验证电话号码 */ = {
			isa = PBXGroup;
			children = (
				4EBEA7A51D9D2F3800DE29B8 /* ZxkRegular.h */,
				4EBEA7A61D9D2F3800DE29B8 /* ZxkRegular.m */,
			);
			path = "正则验证电话号码";
			sourceTree = "<group>";
		};
		4EBEA7A71D9D2F3800DE29B8 /* 汉语转拼音 */ = {
			isa = PBXGroup;
			children = (
				4EBEA7A81D9D2F3800DE29B8 /* CommonTool.h */,
				4EBEA7A91D9D2F3800DE29B8 /* CommonTool.m */,
			);
			path = "汉语转拼音";
			sourceTree = "<group>";
		};
		4EBEA7AA1D9D2F3800DE29B8 /* NSString+ */ = {
			isa = PBXGroup;
			children = (
				4EBEA7AB1D9D2F3800DE29B8 /* 存储到沙盒NSString分类 */,
				4EBEA7AE1D9D2F3800DE29B8 /* 😝NSString分类 */,
			);
			path = "NSString+";
			sourceTree = "<group>";
		};
		4EBEA7AB1D9D2F3800DE29B8 /* 存储到沙盒NSString分类 */ = {
			isa = PBXGroup;
			children = (
				4EBEA7AC1D9D2F3800DE29B8 /* NSString+sandBox.h */,
				4EBEA7AD1D9D2F3800DE29B8 /* NSString+sandBox.m */,
			);
			path = "存储到沙盒NSString分类";
			sourceTree = "<group>";
		};
		4EBEA7AE1D9D2F3800DE29B8 /* 😝NSString分类 */ = {
			isa = PBXGroup;
			children = (
				4EBEA7AF1D9D2F3800DE29B8 /* NSString+Emoji.h */,
				4EBEA7B01D9D2F3800DE29B8 /* NSString+Emoji.m */,
			);
			path = "😝NSString分类";
			sourceTree = "<group>";
		};
		4EBEA7B11D9D2F3800DE29B8 /* Third+ */ = {
			isa = PBXGroup;
			children = (
				4EBEA8AC1D9D30F500DE29B8 /* 提示框框架 */,
				4EBEA8AF1D9D30F500DE29B8 /* Dom解析xml  GData */,
				4EBEA8B31D9D30F500DE29B8 /* json解析   JSONKit */,
				4EBEA7B21D9D2F3800DE29B8 /* AFNetworking+ */,
				4EBEA7D71D9D2F3800DE29B8 /* frame框架 */,
				4EBEA7F91D9D2F3800DE29B8 /* 下载文件 压缩与解压缩 */,
				4EBEA8071D9D2F3800DE29B8 /* 保存钥匙串框架 */,
			);
			path = "Third+";
			sourceTree = "<group>";
		};
		4EBEA7B21D9D2F3800DE29B8 /* AFNetworking+ */ = {
			isa = PBXGroup;
			children = (
				4EBEA7B31D9D2F3800DE29B8 /* 网络下载工具类 */,
			);
			path = "AFNetworking+";
			sourceTree = "<group>";
		};
		4EBEA7B31D9D2F3800DE29B8 /* 网络下载工具类 */ = {
			isa = PBXGroup;
			children = (
				4EBEA7B41D9D2F3800DE29B8 /* NetWorkTool */,
			);
			path = "网络下载工具类";
			sourceTree = "<group>";
		};
		4EBEA7B41D9D2F3800DE29B8 /* NetWorkTool */ = {
			isa = PBXGroup;
			children = (
				4EBEA7B51D9D2F3800DE29B8 /* OSZNetWorkTool.h */,
				4EBEA7B61D9D2F3800DE29B8 /* OSZNetWorkTool.m */,
			);
			path = NetWorkTool;
			sourceTree = "<group>";
		};
		4EBEA7D71D9D2F3800DE29B8 /* frame框架 */ = {
			isa = PBXGroup;
			children = (
				4EBEA7D81D9D2F3800DE29B8 /* Masonry */,
			);
			path = "frame框架";
			sourceTree = "<group>";
		};
		4EBEA7D81D9D2F3800DE29B8 /* Masonry */ = {
			isa = PBXGroup;
			children = (
				4EBEA7D91D9D2F3800DE29B8 /* Info.plist */,
				4EBEA7DA1D9D2F3800DE29B8 /* MASCompositeConstraint.h */,
				4EBEA7DB1D9D2F3800DE29B8 /* MASCompositeConstraint.m */,
				4EBEA7DC1D9D2F3800DE29B8 /* MASConstraint+Private.h */,
				4EBEA7DD1D9D2F3800DE29B8 /* MASConstraint.h */,
				4EBEA7DE1D9D2F3800DE29B8 /* MASConstraint.m */,
				4EBEA7DF1D9D2F3800DE29B8 /* MASConstraintMaker.h */,
				4EBEA7E01D9D2F3800DE29B8 /* MASConstraintMaker.m */,
				4EBEA7E11D9D2F3800DE29B8 /* MASLayoutConstraint.h */,
				4EBEA7E21D9D2F3800DE29B8 /* MASLayoutConstraint.m */,
				4EBEA7E31D9D2F3800DE29B8 /* Masonry.h */,
				4EBEA7E41D9D2F3800DE29B8 /* MASUtilities.h */,
				4EBEA7E51D9D2F3800DE29B8 /* MASViewAttribute.h */,
				4EBEA7E61D9D2F3800DE29B8 /* MASViewAttribute.m */,
				4EBEA7E71D9D2F3800DE29B8 /* MASViewConstraint.h */,
				4EBEA7E81D9D2F3800DE29B8 /* MASViewConstraint.m */,
				4EBEA7E91D9D2F3800DE29B8 /* NSArray+MASAdditions.h */,
				4EBEA7EA1D9D2F3800DE29B8 /* NSArray+MASAdditions.m */,
				4EBEA7EB1D9D2F3800DE29B8 /* NSArray+MASShorthandAdditions.h */,
				4EBEA7EC1D9D2F3800DE29B8 /* NSLayoutConstraint+MASDebugAdditions.h */,
				4EBEA7ED1D9D2F3800DE29B8 /* NSLayoutConstraint+MASDebugAdditions.m */,
				4EBEA7EE1D9D2F3800DE29B8 /* View+MASAdditions.h */,
				4EBEA7EF1D9D2F3800DE29B8 /* View+MASAdditions.m */,
				4EBEA7F01D9D2F3800DE29B8 /* View+MASShorthandAdditions.h */,
				4EBEA7F11D9D2F3800DE29B8 /* ViewController+MASAdditions.h */,
				4EBEA7F21D9D2F3800DE29B8 /* ViewController+MASAdditions.m */,
			);
			path = Masonry;
			sourceTree = "<group>";
		};
		4EBEA7F91D9D2F3800DE29B8 /* 下载文件 压缩与解压缩 */ = {
			isa = PBXGroup;
			children = (
				4EBEA7FA1D9D2F3800DE29B8 /* SSZipArchive */,
			);
			path = "下载文件 压缩与解压缩";
			sourceTree = "<group>";
		};
		4EBEA7FA1D9D2F3800DE29B8 /* SSZipArchive */ = {
			isa = PBXGroup;
			children = (
				4EBEA7FB1D9D2F3800DE29B8 /* minizip */,
				4EBEA8051D9D2F3800DE29B8 /* SSZipArchive.h */,
				4EBEA8061D9D2F3800DE29B8 /* SSZipArchive.m */,
			);
			path = SSZipArchive;
			sourceTree = "<group>";
		};
		4EBEA7FB1D9D2F3800DE29B8 /* minizip */ = {
			isa = PBXGroup;
			children = (
				4EBEA7FC1D9D2F3800DE29B8 /* crypt.h */,
				4EBEA7FD1D9D2F3800DE29B8 /* ioapi.c */,
				4EBEA7FE1D9D2F3800DE29B8 /* ioapi.h */,
				4EBEA7FF1D9D2F3800DE29B8 /* mztools.c */,
				4EBEA8001D9D2F3800DE29B8 /* mztools.h */,
				4EBEA8011D9D2F3800DE29B8 /* unzip.c */,
				4EBEA8021D9D2F3800DE29B8 /* unzip.h */,
				4EBEA8031D9D2F3800DE29B8 /* zip.c */,
				4EBEA8041D9D2F3800DE29B8 /* zip.h */,
			);
			path = minizip;
			sourceTree = "<group>";
		};
		4EBEA8071D9D2F3800DE29B8 /* 保存钥匙串框架 */ = {
			isa = PBXGroup;
			children = (
				4EBEA8081D9D2F3800DE29B8 /* SSKeychain */,
			);
			path = "保存钥匙串框架";
			sourceTree = "<group>";
		};
		4EBEA8081D9D2F3800DE29B8 /* SSKeychain */ = {
			isa = PBXGroup;
			children = (
				4EBEA8091D9D2F3800DE29B8 /* SSKeychain.strings */,
				4EBEA80B1D9D2F3800DE29B8 /* SSKeychain.h */,
				4EBEA80C1D9D2F3800DE29B8 /* SSKeychain.m */,
				4EBEA80D1D9D2F3800DE29B8 /* SSKeychainQuery.h */,
				4EBEA80E1D9D2F3800DE29B8 /* SSKeychainQuery.m */,
			);
			path = SSKeychain;
			sourceTree = "<group>";
		};
		4EBEA83E1D9D2F3800DE29B8 /* UIColor+ */ = {
			isa = PBXGroup;
			children = (
				4EBEA83F1D9D2F3800DE29B8 /* 32位数转换RGB颜色 */,
			);
			path = "UIColor+";
			sourceTree = "<group>";
		};
		4EBEA83F1D9D2F3800DE29B8 /* 32位数转换RGB颜色 */ = {
			isa = PBXGroup;
			children = (
				4EBEA8401D9D2F3800DE29B8 /* UIColor+Extension.h */,
				4EBEA8411D9D2F3800DE29B8 /* UIColor+Extension.m */,
			);
			path = "32位数转换RGB颜色";
			sourceTree = "<group>";
		};
		4EBEA8421D9D2F3800DE29B8 /* UILabel+ */ = {
			isa = PBXGroup;
			children = (
				4EBEA8431D9D2F3800DE29B8 /* 阴影label */,
			);
			path = "UILabel+";
			sourceTree = "<group>";
		};
		4EBEA8431D9D2F3800DE29B8 /* 阴影label */ = {
			isa = PBXGroup;
			children = (
				4EBEA8441D9D2F3800DE29B8 /* OSZHeaderLbl.h */,
				4EBEA8451D9D2F3800DE29B8 /* OSZHeaderLbl.m */,
			);
			path = "阴影label";
			sourceTree = "<group>";
		};
		4EBEA8461D9D2F3800DE29B8 /* UIView+ */ = {
			isa = PBXGroup;
			children = (
				4EBEA8471D9D2F3800DE29B8 /* 直接修改frame的UIView分类 */,
			);
			path = "UIView+";
			sourceTree = "<group>";
		};
		4EBEA8471D9D2F3800DE29B8 /* 直接修改frame的UIView分类 */ = {
			isa = PBXGroup;
			children = (
				4EBEA8481D9D2F3800DE29B8 /* UIView+OSZFrame.h */,
				4EBEA8491D9D2F3800DE29B8 /* UIView+OSZFrame.m */,
			);
			path = "直接修改frame的UIView分类";
			sourceTree = "<group>";
		};
		4EBEA8AC1D9D30F500DE29B8 /* 提示框框架 */ = {
			isa = PBXGroup;
			children = (
				4EBEA8AD1D9D30F500DE29B8 /* MBProgressHUD.h */,
				4EBEA8AE1D9D30F500DE29B8 /* MBProgressHUD.m */,
			);
			path = "提示框框架";
			sourceTree = "<group>";
		};
		4EBEA8AF1D9D30F500DE29B8 /* Dom解析xml  GData */ = {
			isa = PBXGroup;
			children = (
				4EBEA8B01D9D30F500DE29B8 /* GDataXML-HTML-master */,
			);
			path = "Dom解析xml  GData";
			sourceTree = "<group>";
		};
		4EBEA8B01D9D30F500DE29B8 /* GDataXML-HTML-master */ = {
			isa = PBXGroup;
			children = (
				4EBEA8B11D9D30F500DE29B8 /* GDataXMLNode.h */,
				4EBEA8B21D9D30F500DE29B8 /* GDataXMLNode.m */,
			);
			path = "GDataXML-HTML-master";
			sourceTree = "<group>";
		};
		4EBEA8B31D9D30F500DE29B8 /* json解析   JSONKit */ = {
			isa = PBXGroup;
			children = (
				4EBEA8B41D9D30F500DE29B8 /* JSONKit-master */,
			);
			path = "json解析   JSONKit";
			sourceTree = "<group>";
		};
		4EBEA8B41D9D30F500DE29B8 /* JSONKit-master */ = {
			isa = PBXGroup;
			children = (
			);
			path = "JSONKit-master";
			sourceTree = "<group>";
		};
/* End PBXGroup section */

/* Begin PBXNativeTarget section */
		4E7A51D51D9CFD5600A3F713 /* OSZToolkit */ = {
			isa = PBXNativeTarget;
			buildConfigurationList = 4E7A51ED1D9CFD5600A3F713 /* Build configuration list for PBXNativeTarget "OSZToolkit" */;
			buildPhases = (
				4E7A51D21D9CFD5600A3F713 /* Sources */,
				4E7A51D31D9CFD5600A3F713 /* Frameworks */,
				4E7A51D41D9CFD5600A3F713 /* Resources */,
			);
			buildRules = (
			);
			dependencies = (
			);
			name = OSZToolkit;
			productName = OSZToolkit;
			productReference = 4E7A51D61D9CFD5600A3F713 /* OSZToolkit.app */;
			productType = "com.apple.product-type.application";
		};
/* End PBXNativeTarget section */

/* Begin PBXProject section */
		4E7A51CE1D9CFD5600A3F713 /* Project object */ = {
			isa = PBXProject;
			attributes = {
				LastUpgradeCheck = 0730;
				ORGANIZATIONNAME = oldSix_Zhu;
				TargetAttributes = {
					4E7A51D51D9CFD5600A3F713 = {
						CreatedOnToolsVersion = 7.3;
						DevelopmentTeam = W2FRS4S583;
					};
				};
			};
			buildConfigurationList = 4E7A51D11D9CFD5600A3F713 /* Build configuration list for PBXProject "OSZToolkit" */;
			compatibilityVersion = "Xcode 3.2";
			developmentRegion = English;
			hasScannedForEncodings = 0;
			knownRegions = (
				en,
				Base,
			);
			mainGroup = 4E7A51CD1D9CFD5600A3F713;
			productRefGroup = 4E7A51D71D9CFD5600A3F713 /* Products */;
			projectDirPath = "";
			projectRoot = "";
			targets = (
				4E7A51D51D9CFD5600A3F713 /* OSZToolkit */,
			);
		};
/* End PBXProject section */

/* Begin PBXResourcesBuildPhase section */
		4E7A51D41D9CFD5600A3F713 /* Resources */ = {
			isa = PBXResourcesBuildPhase;
			buildActionMask = 2147483647;
			files = (
				4EBEA84C1D9D2F3800DE29B8 /* Podfile in Resources */,
				4EBEA8681D9D2F3800DE29B8 /* Info.plist in Resources */,
				4EBEA87B1D9D2F3800DE29B8 /* SSKeychain.strings in Resources */,
				4EBEA84B1D9D2F3800DE29B8 /* Swift.gitignore in Resources */,
				4E7A51E91D9CFD5600A3F713 /* LaunchScreen.storyboard in Resources */,
				4E7A51E61D9CFD5600A3F713 /* Assets.xcassets in Resources */,
				4EBEA84A1D9D2F3800DE29B8 /* Objective-C.gitignore in Resources */,
				4E7A51E41D9CFD5600A3F713 /* Main.storyboard in Resources */,
			);
			runOnlyForDeploymentPostprocessing = 0;
		};
/* End PBXResourcesBuildPhase section */

/* Begin PBXSourcesBuildPhase section */
		4E7A51D21D9CFD5600A3F713 /* Sources */ = {
			isa = PBXSourcesBuildPhase;
			buildActionMask = 2147483647;
			files = (
				4EBEA8501D9D2F3800DE29B8 /* OSZCoreDataStackManager.m in Sources */,
				4EBEA8781D9D2F3800DE29B8 /* unzip.c in Sources */,
				4EBEA8521D9D2F3800DE29B8 /* NSString+Regular.m in Sources */,
				4EBEA86F1D9D2F3800DE29B8 /* NSArray+MASAdditions.m in Sources */,
				4EBEA8541D9D2F3800DE29B8 /* CommonTool.m in Sources */,
				4EBEA8B61D9D30F500DE29B8 /* GDataXMLNode.m in Sources */,
				4EBEA8551D9D2F3800DE29B8 /* NSString+sandBox.m in Sources */,
				4EBEA8691D9D2F3800DE29B8 /* MASCompositeConstraint.m in Sources */,
				4EBEA86D1D9D2F3800DE29B8 /* MASViewAttribute.m in Sources */,
				4EBEA86A1D9D2F3800DE29B8 /* MASConstraint.m in Sources */,
				4EBEA84E1D9D2F3800DE29B8 /* 终端命令.m in Sources */,
				4EBEA87D1D9D2F3800DE29B8 /* SSKeychainQuery.m in Sources */,
				4E7A51E11D9CFD5600A3F713 /* ViewController.m in Sources */,
				4EBEA8701D9D2F3800DE29B8 /* NSLayoutConstraint+MASDebugAdditions.m in Sources */,
				4EBEA86B1D9D2F3800DE29B8 /* MASConstraintMaker.m in Sources */,
				4EBEA84D1D9D2F3800DE29B8 /* xcode.m in Sources */,
				4EBEA8511D9D2F3800DE29B8 /* NSObject+Runtime.m in Sources */,
				4EBEA86C1D9D2F3800DE29B8 /* MASLayoutConstraint.m in Sources */,
				4EBEA8531D9D2F3800DE29B8 /* ZxkRegular.m in Sources */,
				4EBEA86E1D9D2F3800DE29B8 /* MASViewConstraint.m in Sources */,
				4EBEA87C1D9D2F3800DE29B8 /* SSKeychain.m in Sources */,
				4EBEA8791D9D2F3800DE29B8 /* zip.c in Sources */,
				4EBEA89A1D9D2F3800DE29B8 /* UIColor+Extension.m in Sources */,
				4EBEA84F1D9D2F3800DE29B8 /* NSArray+Log.m in Sources */,
				4EBEA8711D9D2F3800DE29B8 /* View+MASAdditions.m in Sources */,
				4EBEA8771D9D2F3800DE29B8 /* mztools.c in Sources */,
				4EBEA8561D9D2F3800DE29B8 /* NSString+Emoji.m in Sources */,
				4E7A51DE1D9CFD5600A3F713 /* AppDelegate.m in Sources */,
				4EBEA8B51D9D30F500DE29B8 /* MBProgressHUD.m in Sources */,
				4EBEA89C1D9D2F3800DE29B8 /* UIView+OSZFrame.m in Sources */,
				4EBEA8721D9D2F3800DE29B8 /* ViewController+MASAdditions.m in Sources */,
				4EBEA8761D9D2F3800DE29B8 /* ioapi.c in Sources */,
				4E7A51DB1D9CFD5600A3F713 /* main.m in Sources */,
				4EBEA8571D9D2F3800DE29B8 /* OSZNetWorkTool.m in Sources */,
				4EBEA89B1D9D2F3800DE29B8 /* OSZHeaderLbl.m in Sources */,
				4E8A3EB21DA0AE1F00B1F4D5 /* UINavigationController+OSZObjcSugar.m in Sources */,
				4EBEA87A1D9D2F3800DE29B8 /* SSZipArchive.m in Sources */,
			);
			runOnlyForDeploymentPostprocessing = 0;
		};
/* End PBXSourcesBuildPhase section */

/* Begin PBXVariantGroup section */
		4E7A51E21D9CFD5600A3F713 /* Main.storyboard */ = {
			isa = PBXVariantGroup;
			children = (
				4E7A51E31D9CFD5600A3F713 /* Base */,
			);
			name = Main.storyboard;
			path = ..;
			sourceTree = "<group>";
		};
		4E7A51E71D9CFD5600A3F713 /* LaunchScreen.storyboard */ = {
			isa = PBXVariantGroup;
			children = (
				4E7A51E81D9CFD5600A3F713 /* Base */,
			);
			name = LaunchScreen.storyboard;
			sourceTree = "<group>";
		};
		4EBEA8091D9D2F3800DE29B8 /* SSKeychain.strings */ = {
			isa = PBXVariantGroup;
			children = (
				4EBEA80A1D9D2F3800DE29B8 /* en */,
			);
			name = SSKeychain.strings;
			sourceTree = "<group>";
		};
/* End PBXVariantGroup section */

/* Begin XCBuildConfiguration section */
		4E7A51EB1D9CFD5600A3F713 /* Debug */ = {
			isa = XCBuildConfiguration;
			buildSettings = {
				ALWAYS_SEARCH_USER_PATHS = NO;
				CLANG_ANALYZER_NONNULL = YES;
				CLANG_CXX_LANGUAGE_STANDARD = "gnu++0x";
				CLANG_CXX_LIBRARY = "libc++";
				CLANG_ENABLE_MODULES = YES;
				CLANG_ENABLE_OBJC_ARC = YES;
				CLANG_WARN_BOOL_CONVERSION = YES;
				CLANG_WARN_CONSTANT_CONVERSION = YES;
				CLANG_WARN_DIRECT_OBJC_ISA_USAGE = YES_ERROR;
				CLANG_WARN_EMPTY_BODY = YES;
				CLANG_WARN_ENUM_CONVERSION = YES;
				CLANG_WARN_INT_CONVERSION = YES;
				CLANG_WARN_OBJC_ROOT_CLASS = YES_ERROR;
				CLANG_WARN_UNREACHABLE_CODE = YES;
				CLANG_WARN__DUPLICATE_METHOD_MATCH = YES;
				"CODE_SIGN_IDENTITY[sdk=iphoneos*]" = "iPhone Developer";
				COPY_PHASE_STRIP = NO;
				DEBUG_INFORMATION_FORMAT = dwarf;
				ENABLE_STRICT_OBJC_MSGSEND = YES;
				ENABLE_TESTABILITY = YES;
				GCC_C_LANGUAGE_STANDARD = gnu99;
				GCC_DYNAMIC_NO_PIC = NO;
				GCC_NO_COMMON_BLOCKS = YES;
				GCC_OPTIMIZATION_LEVEL = 0;
				GCC_PREPROCESSOR_DEFINITIONS = (
					"DEBUG=1",
					"$(inherited)",
				);
				GCC_WARN_64_TO_32_BIT_CONVERSION = YES;
				GCC_WARN_ABOUT_RETURN_TYPE = YES_ERROR;
				GCC_WARN_UNDECLARED_SELECTOR = YES;
				GCC_WARN_UNINITIALIZED_AUTOS = YES_AGGRESSIVE;
				GCC_WARN_UNUSED_FUNCTION = YES;
				GCC_WARN_UNUSED_VARIABLE = YES;
				IPHONEOS_DEPLOYMENT_TARGET = 9.3;
				MTL_ENABLE_DEBUG_INFO = YES;
				ONLY_ACTIVE_ARCH = YES;
				SDKROOT = iphoneos;
			};
			name = Debug;
		};
		4E7A51EC1D9CFD5600A3F713 /* Release */ = {
			isa = XCBuildConfiguration;
			buildSettings = {
				ALWAYS_SEARCH_USER_PATHS = NO;
				CLANG_ANALYZER_NONNULL = YES;
				CLANG_CXX_LANGUAGE_STANDARD = "gnu++0x";
				CLANG_CXX_LIBRARY = "libc++";
				CLANG_ENABLE_MODULES = YES;
				CLANG_ENABLE_OBJC_ARC = YES;
				CLANG_WARN_BOOL_CONVERSION = YES;
				CLANG_WARN_CONSTANT_CONVERSION = YES;
				CLANG_WARN_DIRECT_OBJC_ISA_USAGE = YES_ERROR;
				CLANG_WARN_EMPTY_BODY = YES;
				CLANG_WARN_ENUM_CONVERSION = YES;
				CLANG_WARN_INT_CONVERSION = YES;
				CLANG_WARN_OBJC_ROOT_CLASS = YES_ERROR;
				CLANG_WARN_UNREACHABLE_CODE = YES;
				CLANG_WARN__DUPLICATE_METHOD_MATCH = YES;
				"CODE_SIGN_IDENTITY[sdk=iphoneos*]" = "iPhone Developer";
				COPY_PHASE_STRIP = NO;
				DEBUG_INFORMATION_FORMAT = "dwarf-with-dsym";
				ENABLE_NS_ASSERTIONS = NO;
				ENABLE_STRICT_OBJC_MSGSEND = YES;
				GCC_C_LANGUAGE_STANDARD = gnu99;
				GCC_NO_COMMON_BLOCKS = YES;
				GCC_WARN_64_TO_32_BIT_CONVERSION = YES;
				GCC_WARN_ABOUT_RETURN_TYPE = YES_ERROR;
				GCC_WARN_UNDECLARED_SELECTOR = YES;
				GCC_WARN_UNINITIALIZED_AUTOS = YES_AGGRESSIVE;
				GCC_WARN_UNUSED_FUNCTION = YES;
				GCC_WARN_UNUSED_VARIABLE = YES;
				IPHONEOS_DEPLOYMENT_TARGET = 9.3;
				MTL_ENABLE_DEBUG_INFO = NO;
				SDKROOT = iphoneos;
				VALIDATE_PRODUCT = YES;
			};
			name = Release;
		};
		4E7A51EE1D9CFD5600A3F713 /* Debug */ = {
			isa = XCBuildConfiguration;
			buildSettings = {
				ASSETCATALOG_COMPILER_APPICON_NAME = AppIcon;
				INFOPLIST_FILE = OSZToolkit/Info.plist;
				LD_RUNPATH_SEARCH_PATHS = "$(inherited) @executable_path/Frameworks";
				PRODUCT_BUNDLE_IDENTIFIER = "com.oldSix-Zhu.OSZToolkit";
				PRODUCT_NAME = "$(TARGET_NAME)";
			};
			name = Debug;
		};
		4E7A51EF1D9CFD5600A3F713 /* Release */ = {
			isa = XCBuildConfiguration;
			buildSettings = {
				ASSETCATALOG_COMPILER_APPICON_NAME = AppIcon;
				INFOPLIST_FILE = OSZToolkit/Info.plist;
				LD_RUNPATH_SEARCH_PATHS = "$(inherited) @executable_path/Frameworks";
				PRODUCT_BUNDLE_IDENTIFIER = "com.oldSix-Zhu.OSZToolkit";
				PRODUCT_NAME = "$(TARGET_NAME)";
			};
			name = Release;
		};
/* End XCBuildConfiguration section */

/* Begin XCConfigurationList section */
		4E7A51D11D9CFD5600A3F713 /* Build configuration list for PBXProject "OSZToolkit" */ = {
			isa = XCConfigurationList;
			buildConfigurations = (
				4E7A51EB1D9CFD5600A3F713 /* Debug */,
				4E7A51EC1D9CFD5600A3F713 /* Release */,
			);
			defaultConfigurationIsVisible = 0;
			defaultConfigurationName = Release;
		};
		4E7A51ED1D9CFD5600A3F713 /* Build configuration list for PBXNativeTarget "OSZToolkit" */ = {
			isa = XCConfigurationList;
			buildConfigurations = (
				4E7A51EE1D9CFD5600A3F713 /* Debug */,
				4E7A51EF1D9CFD5600A3F713 /* Release */,
			);
			defaultConfigurationIsVisible = 0;
			defaultConfigurationName = Release;
		};
/* End XCConfigurationList section */
	};
	rootObject = 4E7A51CE1D9CFD5600A3F713 /* Project object */;
}
